
Microsoft Visual Studio Solution File, Format Version 12.00
# Visual Studio Version 16
VisualStudioVersion = 16.0.28803.452
MinimumVisualStudioVersion = 10.0.40219.1
Project("{F184B08F-C81C-45F6-A57F-5ABD9991F28F}") = "Customer", "Customer\Customer.vbproj", "{922CF094-CF2C-4B01-A4A8-16B45E60A43A}"
EndProject
Project("{F184B08F-C81C-45F6-A57F-5ABD9991F28F}") = "SL", "SL\SL.vbproj", "{08E70992-4910-4CB1-B55F-A4A2893BAB7D}"
EndProject
Project("{F184B08F-C81C-45F6-A57F-5ABD9991F28F}") = "Vendor", "Vendor\Vendor.vbproj", "{E4E27731-CA20-46CA-868A-068B76E5DFC3}"
EndProject
Project("{F184B08F-C81C-45F6-A57F-5ABD9991F28F}") = "Finance", "Finance\Finance.vbproj", "{866570C0-187B-4816-BFDF-59454127F07A}"
EndProject
Project("{F184B08F-C81C-45F6-A57F-5ABD9991F28F}") = "Aps", "Aps\Aps.vbproj", "{F08EEBD0-E910-462E-8ED9-1E7BD7AA776F}"
EndProject
Project("{F184B08F-C81C-45F6-A57F-5ABD9991F28F}") = "Codes", "Codes\Codes.vbproj", "{FFCBA758-2DC8-4F13-BEB0-E5CDCE4BCD67}"
EndProject
Project("{F184B08F-C81C-45F6-A57F-5ABD9991F28F}") = "DataCollection", "DataCollection\DataCollection.vbproj", "{366DC46C-B734-47F1-8E0E-FB6103035F0C}"
EndProject
Project("{F184B08F-C81C-45F6-A57F-5ABD9991F28F}") = "Employee", "Employee\Employee.vbproj", "{C6B1904D-05FC-4D0A-A837-968346E0E730}"
EndProject
Project("{F184B08F-C81C-45F6-A57F-5ABD9991F28F}") = "ExtFin", "ExtFin\ExtFin.vbproj", "{BADC9FDD-49F8-47E6-A97A-18DFCCFBF5E7}"
EndProject
Project("{F184B08F-C81C-45F6-A57F-5ABD9991F28F}") = "Material", "Material\Material.vbproj", "{8CE61308-9DBB-4248-8791-2269F0F1045A}"
EndProject
Project("{F184B08F-C81C-45F6-A57F-5ABD9991F28F}") = "Product", "Product\Product.vbproj", "{2ED393A2-20B6-43EC-84A1-6320778A3AE1}"
EndProject
Project("{F184B08F-C81C-45F6-A57F-5ABD9991F28F}") = "Config", "Config\Config.vbproj", "{E4A6210A-B4F6-4727-B637-46EF4160C945}"
EndProject
Project("{F184B08F-C81C-45F6-A57F-5ABD9991F28F}") = "NonTrans", "NonTrans\NonTrans.vbproj", "{F4B927C8-7BCA-4D33-865A-7B908484F9C1}"
EndProject
Project("{F184B08F-C81C-45F6-A57F-5ABD9991F28F}") = "Admin", "Admin\Admin.vbproj", "{456C1D63-5D09-49ED-BCA7-662AD3BA7E2C}"
EndProject
Project("{F184B08F-C81C-45F6-A57F-5ABD9991F28F}") = "THALOC", "THALOC\THALOC.vbproj", "{90D8DCE6-3236-4485-A706-B8CFAE62F94C}"
EndProject
Project("{F184B08F-C81C-45F6-A57F-5ABD9991F28F}") = "CCI", "CCI\CCI.vbproj", "{9969CC29-2D6F-4AA0-8C5F-9AA2AD506327}"
EndProject
Project("{F184B08F-C81C-45F6-A57F-5ABD9991F28F}") = "BusInterface", "BusInterface\BusInterface.vbproj", "{222F06D1-12C1-4E0A-8B4B-44FC1F53774E}"
EndProject
Project("{F184B08F-C81C-45F6-A57F-5ABD9991F28F}") = "ChineseFinancials", "Chinese Financials\ChineseFinancials\ChineseFinancials.vbproj", "{236D2779-2F89-48E6-A174-F62ADB31CFF3}"
EndProject
Project("{F184B08F-C81C-45F6-A57F-5ABD9991F28F}") = "FSP", "FSP\FSP.vbproj", "{7E2699E4-406D-4515-B3EB-EAA4ABF2CFBD}"
EndProject
Project("{F184B08F-C81C-45F6-A57F-5ABD9991F28F}") = "POS", "POS\POS.vbproj", "{CFEA473B-515F-46B3-B239-353BEEE615D0}"
EndProject
Project("{FAE04EC0-301F-11D3-BF4B-00C04F79EFBC}") = "ICSLBase", "ICSLBase\ICSLBase.csproj", "{611C6FCB-240C-487C-968C-20ACBB8F252A}"
EndProject
Project("{FAE04EC0-301F-11D3-BF4B-00C04F79EFBC}") = "ICSLCommonLibrary", "ICSLCommonLibrary\ICSLCommonLibrary.csproj", "{B648FAE8-F148-41A1-A674-E319655ECB3D}"
	ProjectSection(ProjectDependencies) = postProject
		{611C6FCB-240C-487C-968C-20ACBB8F252A} = {611C6FCB-240C-487C-968C-20ACBB8F252A}
	EndProjectSection
EndProject
Project("{FAE04EC0-301F-11D3-BF4B-00C04F79EFBC}") = "ICSLFieldServiceTrans", "ICSLFieldServiceTrans\ICSLFieldServiceTrans.csproj", "{6C6D8322-E561-4AFB-AC9B-FD5B28A3925B}"
EndProject
Project("{FAE04EC0-301F-11D3-BF4B-00C04F79EFBC}") = "ICSLInboundTrans", "ICSLInboundTrans\ICSLInboundTrans.csproj", "{272ADE3B-B049-4418-B378-93A982D3602A}"
EndProject
Project("{FAE04EC0-301F-11D3-BF4B-00C04F79EFBC}") = "ICSLInventoryTrans", "ICSLInventoryTrans\ICSLInventoryTrans.csproj", "{40EC7717-629C-4493-A68D-C8CD13090E04}"
	ProjectSection(ProjectDependencies) = postProject
		{611C6FCB-240C-487C-968C-20ACBB8F252A} = {611C6FCB-240C-487C-968C-20ACBB8F252A}
		{B648FAE8-F148-41A1-A674-E319655ECB3D} = {B648FAE8-F148-41A1-A674-E319655ECB3D}
	EndProjectSection
EndProject
Project("{FAE04EC0-301F-11D3-BF4B-00C04F79EFBC}") = "ICSLOutBoundTrans", "ICSLOutBoundTrans\ICSLOutBoundTrans.csproj", "{C47E8450-BB2F-44EA-B515-AC12CA7E4169}"
	ProjectSection(ProjectDependencies) = postProject
		{611C6FCB-240C-487C-968C-20ACBB8F252A} = {611C6FCB-240C-487C-968C-20ACBB8F252A}
		{B648FAE8-F148-41A1-A674-E319655ECB3D} = {B648FAE8-F148-41A1-A674-E319655ECB3D}
	EndProjectSection
EndProject
Project("{FAE04EC0-301F-11D3-BF4B-00C04F79EFBC}") = "ICSLQCSTrans", "ICSLQCSTrans\ICSLQCSTrans.csproj", "{58E1E343-B835-4F48-9C55-76999BF1B897}"
EndProject
Project("{FAE04EC0-301F-11D3-BF4B-00C04F79EFBC}") = "ICSLShopFloorTrans", "ICSLShopFloorTrans\ICSLShopFloorTrans.csproj", "{981FBB3B-26F5-4F88-BBF2-D710B799364D}"
	ProjectSection(ProjectDependencies) = postProject
		{611C6FCB-240C-487C-968C-20ACBB8F252A} = {611C6FCB-240C-487C-968C-20ACBB8F252A}
		{B648FAE8-F148-41A1-A674-E319655ECB3D} = {B648FAE8-F148-41A1-A674-E319655ECB3D}
	EndProjectSection
EndProject
Project("{FAE04EC0-301F-11D3-BF4B-00C04F79EFBC}") = "ICSLTimeAttendanceTrans", "ICSLTimeAttendanceTrans\ICSLTimeAttendanceTrans.csproj", "{2B2254B2-767A-459B-BFC2-A6939B462AF7}"
	ProjectSection(ProjectDependencies) = postProject
		{611C6FCB-240C-487C-968C-20ACBB8F252A} = {611C6FCB-240C-487C-968C-20ACBB8F252A}
		{B648FAE8-F148-41A1-A674-E319655ECB3D} = {B648FAE8-F148-41A1-A674-E319655ECB3D}
	EndProjectSection
EndProject
Project("{F184B08F-C81C-45F6-A57F-5ABD9991F28F}") = "Mobile", "Mobile\Mobile.vbproj", "{F33B07C8-F762-452C-932D-BD671BE56737}"
EndProject
Project("{FAE04EC0-301F-11D3-BF4B-00C04F79EFBC}") = "ICSLInventoryCountTrans", "ICSLInventoryCountTrans\ICSLInventoryCountTrans.csproj", "{9450A91A-5224-46C3-A9AF-78FDA597BC50}"
EndProject
Project("{2150E333-8FDC-42A3-9474-1A3956D46DE8}") = "CSI", "CSI", "{41A914E8-1ECD-4C5F-A1B3-9AD7642F6EA6}"
EndProject
Project("{FAE04EC0-301F-11D3-BF4B-00C04F79EFBC}") = "MG", "CSI\MG\MG.csproj", "{5EE3D1ED-BA1E-4ADE-80EB-250DCC2C3DF1}"
	ProjectSection(ProjectDependencies) = postProject
		{909EEB4A-3BB3-4031-94D8-53B9F99EC342} = {909EEB4A-3BB3-4031-94D8-53B9F99EC342}
	EndProjectSection
EndProject
Project("{FAE04EC0-301F-11D3-BF4B-00C04F79EFBC}") = "Data", "CSI\Data\Data.csproj", "{5F2A9956-FF36-41CC-A199-A3A687CC231B}"
EndProject

Project("{2150E333-8FDC-42A3-9474-1A3956D46DE8}") = "APSLibraries", "APSLibraries", "{9BBFE4D8-5143-45CE-9E49-84814106F16A}"
EndProject
Project("{FAE04EC0-301F-11D3-BF4B-00C04F79EFBC}") = "APSServerNet", "APSLibraries\APSServerNet\APSServerNet.csproj", "{D3AAF07B-A899-4AC4-9FAE-5F46B26B446B}"
EndProject
Project("{FAE04EC0-301F-11D3-BF4B-00C04F79EFBC}") = "ERDBServerNet", "APSLibraries\ERDBServerNet\ERDBServerNet.csproj", "{C6C7E02E-2B24-4050-B080-79C65F95075F}"
EndProject
Project("{FAE04EC0-301F-11D3-BF4B-00C04F79EFBC}") = "Data.SQL.UDDT", "CSI\Data.SQL.UDDT\Data.SQL.UDDT.csproj", "{804042E0-B956-45F7-BF6E-073A5F137BF8}"
EndProject
Project("{F184B08F-C81C-45F6-A57F-5ABD9991F28F}") = "DELOC", "DELOC\DELOC.vbproj", "{3151A417-C847-40C4-8038-A0CD3161B02E}"
EndProject

Project("{FAE04EC0-301F-11D3-BF4B-00C04F79EFBC}") = "MetricsWindowsService", "CSI\MetricsWindowsService\MetricsWindowsService.csproj", "{EC5E2C29-D4D4-4640-8181-660A83C01E3E}"
EndProject




Project("{2150E333-8FDC-42A3-9474-1A3956D46DE8}") = "Solution Items", "Solution Items", "{CD850FB4-FEBD-4FFD-9448-168D0AFFA48E}"
	ProjectSection(SolutionItems) = preProject
		nuget.config = nuget.config
	EndProjectSection
EndProject
Project("{FAE04EC0-301F-11D3-BF4B-00C04F79EFBC}") = "Logger", "CSI\Logger\Logger.csproj", "{F124E4DA-EAC3-422A-BDBC-EB5CC72FE2FA}"
EndProject

Project("{FAE04EC0-301F-11D3-BF4B-00C04F79EFBC}") = "Custom", "Custom\Custom.csproj", "{A529B6D2-95B2-4F04-89BF-B6C61D15313E}"
EndProject
Project("{FAE04EC0-301F-11D3-BF4B-00C04F79EFBC}") = "App", "CSI\App\App.csproj", "{43F6B447-40B7-4550-A881-C7E6DB3A79BF}"
EndProject
Project("{FAE04EC0-301F-11D3-BF4B-00C04F79EFBC}") = "Serializer", "CSI\Serializer\Serializer.csproj", "{CDB7970D-2D18-434B-95F1-8D7F8AEF75A7}"
EndProject




Project("{FAE04EC0-301F-11D3-BF4B-00C04F79EFBC}") = "Interfaces", "CSI\Interfaces\Interfaces.csproj", "{909EEB4A-3BB3-4031-94D8-53B9F99EC342}"
EndProject
Project("{FAE04EC0-301F-11D3-BF4B-00C04F79EFBC}") = "CRUD", "CSI\CRUD\CRUD.csproj", "{A89D9F5F-B4A0-453E-9A3F-4917A6D87BD8}"
EndProject
Global
	GlobalSection(SolutionConfigurationPlatforms) = preSolution
		Debug|Any CPU = Debug|Any CPU
		Debug|Mixed Platforms = Debug|Mixed Platforms
		Debug|x64 = Debug|x64
		Debug|x86 = Debug|x86
		Release|Any CPU = Release|Any CPU
		Release|Mixed Platforms = Release|Mixed Platforms
		Release|x64 = Release|x64
		Release|x86 = Release|x86
	EndGlobalSection
	GlobalSection(ProjectConfigurationPlatforms) = postSolution
		{922CF094-CF2C-4B01-A4A8-16B45E60A43A}.Debug|Any CPU.ActiveCfg = Debug|Any CPU
		{922CF094-CF2C-4B01-A4A8-16B45E60A43A}.Debug|Any CPU.Build.0 = Debug|Any CPU
		{922CF094-CF2C-4B01-A4A8-16B45E60A43A}.Debug|Mixed Platforms.ActiveCfg = Debug|Any CPU
		{922CF094-CF2C-4B01-A4A8-16B45E60A43A}.Debug|Mixed Platforms.Build.0 = Debug|Any CPU
		{922CF094-CF2C-4B01-A4A8-16B45E60A43A}.Debug|x64.ActiveCfg = Debug|Any CPU
		{922CF094-CF2C-4B01-A4A8-16B45E60A43A}.Debug|x64.Build.0 = Debug|Any CPU
		{922CF094-CF2C-4B01-A4A8-16B45E60A43A}.Debug|x86.ActiveCfg = Debug|Any CPU
		{922CF094-CF2C-4B01-A4A8-16B45E60A43A}.Release|Any CPU.ActiveCfg = Release|Any CPU
		{922CF094-CF2C-4B01-A4A8-16B45E60A43A}.Release|Any CPU.Build.0 = Release|Any CPU
		{922CF094-CF2C-4B01-A4A8-16B45E60A43A}.Release|Mixed Platforms.ActiveCfg = Release|Any CPU
		{922CF094-CF2C-4B01-A4A8-16B45E60A43A}.Release|Mixed Platforms.Build.0 = Release|Any CPU
		{922CF094-CF2C-4B01-A4A8-16B45E60A43A}.Release|x64.ActiveCfg = Release|Any CPU
		{922CF094-CF2C-4B01-A4A8-16B45E60A43A}.Release|x64.Build.0 = Release|Any CPU
		{922CF094-CF2C-4B01-A4A8-16B45E60A43A}.Release|x86.ActiveCfg = Release|Any CPU
		{08E70992-4910-4CB1-B55F-A4A2893BAB7D}.Debug|Any CPU.ActiveCfg = Debug|Any CPU
		{08E70992-4910-4CB1-B55F-A4A2893BAB7D}.Debug|Any CPU.Build.0 = Debug|Any CPU
		{08E70992-4910-4CB1-B55F-A4A2893BAB7D}.Debug|Mixed Platforms.ActiveCfg = Debug|Any CPU
		{08E70992-4910-4CB1-B55F-A4A2893BAB7D}.Debug|Mixed Platforms.Build.0 = Debug|Any CPU
		{08E70992-4910-4CB1-B55F-A4A2893BAB7D}.Debug|x64.ActiveCfg = Debug|Any CPU
		{08E70992-4910-4CB1-B55F-A4A2893BAB7D}.Debug|x64.Build.0 = Debug|Any CPU
		{08E70992-4910-4CB1-B55F-A4A2893BAB7D}.Debug|x86.ActiveCfg = Debug|Any CPU
		{08E70992-4910-4CB1-B55F-A4A2893BAB7D}.Release|Any CPU.ActiveCfg = Release|Any CPU
		{08E70992-4910-4CB1-B55F-A4A2893BAB7D}.Release|Any CPU.Build.0 = Release|Any CPU
		{08E70992-4910-4CB1-B55F-A4A2893BAB7D}.Release|Mixed Platforms.ActiveCfg = Release|Any CPU
		{08E70992-4910-4CB1-B55F-A4A2893BAB7D}.Release|Mixed Platforms.Build.0 = Release|Any CPU
		{08E70992-4910-4CB1-B55F-A4A2893BAB7D}.Release|x64.ActiveCfg = Release|Any CPU
		{08E70992-4910-4CB1-B55F-A4A2893BAB7D}.Release|x64.Build.0 = Release|Any CPU
		{08E70992-4910-4CB1-B55F-A4A2893BAB7D}.Release|x86.ActiveCfg = Release|Any CPU
		{E4E27731-CA20-46CA-868A-068B76E5DFC3}.Debug|Any CPU.ActiveCfg = Debug|Any CPU
		{E4E27731-CA20-46CA-868A-068B76E5DFC3}.Debug|Any CPU.Build.0 = Debug|Any CPU
		{E4E27731-CA20-46CA-868A-068B76E5DFC3}.Debug|Mixed Platforms.ActiveCfg = Debug|Any CPU
		{E4E27731-CA20-46CA-868A-068B76E5DFC3}.Debug|Mixed Platforms.Build.0 = Debug|Any CPU
		{E4E27731-CA20-46CA-868A-068B76E5DFC3}.Debug|x64.ActiveCfg = Debug|Any CPU
		{E4E27731-CA20-46CA-868A-068B76E5DFC3}.Debug|x64.Build.0 = Debug|Any CPU
		{E4E27731-CA20-46CA-868A-068B76E5DFC3}.Debug|x86.ActiveCfg = Debug|Any CPU
		{E4E27731-CA20-46CA-868A-068B76E5DFC3}.Release|Any CPU.ActiveCfg = Release|Any CPU
		{E4E27731-CA20-46CA-868A-068B76E5DFC3}.Release|Any CPU.Build.0 = Release|Any CPU
		{E4E27731-CA20-46CA-868A-068B76E5DFC3}.Release|Mixed Platforms.ActiveCfg = Release|Any CPU
		{E4E27731-CA20-46CA-868A-068B76E5DFC3}.Release|Mixed Platforms.Build.0 = Release|Any CPU
		{E4E27731-CA20-46CA-868A-068B76E5DFC3}.Release|x64.ActiveCfg = Release|Any CPU
		{E4E27731-CA20-46CA-868A-068B76E5DFC3}.Release|x64.Build.0 = Release|Any CPU
		{E4E27731-CA20-46CA-868A-068B76E5DFC3}.Release|x86.ActiveCfg = Release|Any CPU
		{866570C0-187B-4816-BFDF-59454127F07A}.Debug|Any CPU.ActiveCfg = Debug|Any CPU
		{866570C0-187B-4816-BFDF-59454127F07A}.Debug|Any CPU.Build.0 = Debug|Any CPU
		{866570C0-187B-4816-BFDF-59454127F07A}.Debug|Mixed Platforms.ActiveCfg = Debug|Any CPU
		{866570C0-187B-4816-BFDF-59454127F07A}.Debug|Mixed Platforms.Build.0 = Debug|Any CPU
		{866570C0-187B-4816-BFDF-59454127F07A}.Debug|x64.ActiveCfg = Debug|Any CPU
		{866570C0-187B-4816-BFDF-59454127F07A}.Debug|x64.Build.0 = Debug|Any CPU
		{866570C0-187B-4816-BFDF-59454127F07A}.Debug|x86.ActiveCfg = Debug|Any CPU
		{866570C0-187B-4816-BFDF-59454127F07A}.Release|Any CPU.ActiveCfg = Release|Any CPU
		{866570C0-187B-4816-BFDF-59454127F07A}.Release|Any CPU.Build.0 = Release|Any CPU
		{866570C0-187B-4816-BFDF-59454127F07A}.Release|Mixed Platforms.ActiveCfg = Release|Any CPU
		{866570C0-187B-4816-BFDF-59454127F07A}.Release|Mixed Platforms.Build.0 = Release|Any CPU
		{866570C0-187B-4816-BFDF-59454127F07A}.Release|x64.ActiveCfg = Release|Any CPU
		{866570C0-187B-4816-BFDF-59454127F07A}.Release|x64.Build.0 = Release|Any CPU
		{866570C0-187B-4816-BFDF-59454127F07A}.Release|x86.ActiveCfg = Release|Any CPU
		{F08EEBD0-E910-462E-8ED9-1E7BD7AA776F}.Debug|Any CPU.ActiveCfg = Debug|Any CPU
		{F08EEBD0-E910-462E-8ED9-1E7BD7AA776F}.Debug|Any CPU.Build.0 = Debug|Any CPU
		{F08EEBD0-E910-462E-8ED9-1E7BD7AA776F}.Debug|Mixed Platforms.ActiveCfg = Debug|Any CPU
		{F08EEBD0-E910-462E-8ED9-1E7BD7AA776F}.Debug|Mixed Platforms.Build.0 = Debug|Any CPU
		{F08EEBD0-E910-462E-8ED9-1E7BD7AA776F}.Debug|x64.ActiveCfg = Debug|Any CPU
		{F08EEBD0-E910-462E-8ED9-1E7BD7AA776F}.Debug|x64.Build.0 = Debug|Any CPU
		{F08EEBD0-E910-462E-8ED9-1E7BD7AA776F}.Debug|x86.ActiveCfg = Debug|Any CPU
		{F08EEBD0-E910-462E-8ED9-1E7BD7AA776F}.Release|Any CPU.ActiveCfg = Release|Any CPU
		{F08EEBD0-E910-462E-8ED9-1E7BD7AA776F}.Release|Any CPU.Build.0 = Release|Any CPU
		{F08EEBD0-E910-462E-8ED9-1E7BD7AA776F}.Release|Mixed Platforms.ActiveCfg = Release|Any CPU
		{F08EEBD0-E910-462E-8ED9-1E7BD7AA776F}.Release|Mixed Platforms.Build.0 = Release|Any CPU
		{F08EEBD0-E910-462E-8ED9-1E7BD7AA776F}.Release|x64.ActiveCfg = Release|Any CPU
		{F08EEBD0-E910-462E-8ED9-1E7BD7AA776F}.Release|x64.Build.0 = Release|Any CPU
		{F08EEBD0-E910-462E-8ED9-1E7BD7AA776F}.Release|x86.ActiveCfg = Release|Any CPU
		{FFCBA758-2DC8-4F13-BEB0-E5CDCE4BCD67}.Debug|Any CPU.ActiveCfg = Debug|Any CPU
		{FFCBA758-2DC8-4F13-BEB0-E5CDCE4BCD67}.Debug|Any CPU.Build.0 = Debug|Any CPU
		{FFCBA758-2DC8-4F13-BEB0-E5CDCE4BCD67}.Debug|Mixed Platforms.ActiveCfg = Debug|Any CPU
		{FFCBA758-2DC8-4F13-BEB0-E5CDCE4BCD67}.Debug|Mixed Platforms.Build.0 = Debug|Any CPU
		{FFCBA758-2DC8-4F13-BEB0-E5CDCE4BCD67}.Debug|x64.ActiveCfg = Debug|Any CPU
		{FFCBA758-2DC8-4F13-BEB0-E5CDCE4BCD67}.Debug|x64.Build.0 = Debug|Any CPU
		{FFCBA758-2DC8-4F13-BEB0-E5CDCE4BCD67}.Debug|x86.ActiveCfg = Debug|Any CPU
		{FFCBA758-2DC8-4F13-BEB0-E5CDCE4BCD67}.Release|Any CPU.ActiveCfg = Release|Any CPU
		{FFCBA758-2DC8-4F13-BEB0-E5CDCE4BCD67}.Release|Any CPU.Build.0 = Release|Any CPU
		{FFCBA758-2DC8-4F13-BEB0-E5CDCE4BCD67}.Release|Mixed Platforms.ActiveCfg = Release|Any CPU
		{FFCBA758-2DC8-4F13-BEB0-E5CDCE4BCD67}.Release|Mixed Platforms.Build.0 = Release|Any CPU
		{FFCBA758-2DC8-4F13-BEB0-E5CDCE4BCD67}.Release|x64.ActiveCfg = Release|Any CPU
		{FFCBA758-2DC8-4F13-BEB0-E5CDCE4BCD67}.Release|x64.Build.0 = Release|Any CPU
		{FFCBA758-2DC8-4F13-BEB0-E5CDCE4BCD67}.Release|x86.ActiveCfg = Release|Any CPU
		{366DC46C-B734-47F1-8E0E-FB6103035F0C}.Debug|Any CPU.ActiveCfg = Debug|Any CPU
		{366DC46C-B734-47F1-8E0E-FB6103035F0C}.Debug|Any CPU.Build.0 = Debug|Any CPU
		{366DC46C-B734-47F1-8E0E-FB6103035F0C}.Debug|Mixed Platforms.ActiveCfg = Debug|Any CPU
		{366DC46C-B734-47F1-8E0E-FB6103035F0C}.Debug|Mixed Platforms.Build.0 = Debug|Any CPU
		{366DC46C-B734-47F1-8E0E-FB6103035F0C}.Debug|x64.ActiveCfg = Debug|Any CPU
		{366DC46C-B734-47F1-8E0E-FB6103035F0C}.Debug|x64.Build.0 = Debug|Any CPU
		{366DC46C-B734-47F1-8E0E-FB6103035F0C}.Debug|x86.ActiveCfg = Debug|Any CPU
		{366DC46C-B734-47F1-8E0E-FB6103035F0C}.Release|Any CPU.ActiveCfg = Release|Any CPU
		{366DC46C-B734-47F1-8E0E-FB6103035F0C}.Release|Any CPU.Build.0 = Release|Any CPU
		{366DC46C-B734-47F1-8E0E-FB6103035F0C}.Release|Mixed Platforms.ActiveCfg = Release|Any CPU
		{366DC46C-B734-47F1-8E0E-FB6103035F0C}.Release|Mixed Platforms.Build.0 = Release|Any CPU
		{366DC46C-B734-47F1-8E0E-FB6103035F0C}.Release|x64.ActiveCfg = Release|Any CPU
		{366DC46C-B734-47F1-8E0E-FB6103035F0C}.Release|x64.Build.0 = Release|Any CPU
		{366DC46C-B734-47F1-8E0E-FB6103035F0C}.Release|x86.ActiveCfg = Release|Any CPU
		{C6B1904D-05FC-4D0A-A837-968346E0E730}.Debug|Any CPU.ActiveCfg = Debug|Any CPU
		{C6B1904D-05FC-4D0A-A837-968346E0E730}.Debug|Any CPU.Build.0 = Debug|Any CPU
		{C6B1904D-05FC-4D0A-A837-968346E0E730}.Debug|Mixed Platforms.ActiveCfg = Debug|Any CPU
		{C6B1904D-05FC-4D0A-A837-968346E0E730}.Debug|Mixed Platforms.Build.0 = Debug|Any CPU
		{C6B1904D-05FC-4D0A-A837-968346E0E730}.Debug|x64.ActiveCfg = Debug|Any CPU
		{C6B1904D-05FC-4D0A-A837-968346E0E730}.Debug|x64.Build.0 = Debug|Any CPU
		{C6B1904D-05FC-4D0A-A837-968346E0E730}.Debug|x86.ActiveCfg = Debug|Any CPU
		{C6B1904D-05FC-4D0A-A837-968346E0E730}.Release|Any CPU.ActiveCfg = Release|Any CPU
		{C6B1904D-05FC-4D0A-A837-968346E0E730}.Release|Any CPU.Build.0 = Release|Any CPU
		{C6B1904D-05FC-4D0A-A837-968346E0E730}.Release|Mixed Platforms.ActiveCfg = Release|Any CPU
		{C6B1904D-05FC-4D0A-A837-968346E0E730}.Release|Mixed Platforms.Build.0 = Release|Any CPU
		{C6B1904D-05FC-4D0A-A837-968346E0E730}.Release|x64.ActiveCfg = Release|Any CPU
		{C6B1904D-05FC-4D0A-A837-968346E0E730}.Release|x64.Build.0 = Release|Any CPU
		{C6B1904D-05FC-4D0A-A837-968346E0E730}.Release|x86.ActiveCfg = Release|Any CPU
		{BADC9FDD-49F8-47E6-A97A-18DFCCFBF5E7}.Debug|Any CPU.ActiveCfg = Debug|Any CPU
		{BADC9FDD-49F8-47E6-A97A-18DFCCFBF5E7}.Debug|Any CPU.Build.0 = Debug|Any CPU
		{BADC9FDD-49F8-47E6-A97A-18DFCCFBF5E7}.Debug|Mixed Platforms.ActiveCfg = Debug|Any CPU
		{BADC9FDD-49F8-47E6-A97A-18DFCCFBF5E7}.Debug|Mixed Platforms.Build.0 = Debug|Any CPU
		{BADC9FDD-49F8-47E6-A97A-18DFCCFBF5E7}.Debug|x64.ActiveCfg = Debug|Any CPU
		{BADC9FDD-49F8-47E6-A97A-18DFCCFBF5E7}.Debug|x64.Build.0 = Debug|Any CPU
		{BADC9FDD-49F8-47E6-A97A-18DFCCFBF5E7}.Debug|x86.ActiveCfg = Debug|Any CPU
		{BADC9FDD-49F8-47E6-A97A-18DFCCFBF5E7}.Release|Any CPU.ActiveCfg = Release|Any CPU
		{BADC9FDD-49F8-47E6-A97A-18DFCCFBF5E7}.Release|Any CPU.Build.0 = Release|Any CPU
		{BADC9FDD-49F8-47E6-A97A-18DFCCFBF5E7}.Release|Mixed Platforms.ActiveCfg = Release|Any CPU
		{BADC9FDD-49F8-47E6-A97A-18DFCCFBF5E7}.Release|Mixed Platforms.Build.0 = Release|Any CPU
		{BADC9FDD-49F8-47E6-A97A-18DFCCFBF5E7}.Release|x64.ActiveCfg = Release|Any CPU
		{BADC9FDD-49F8-47E6-A97A-18DFCCFBF5E7}.Release|x64.Build.0 = Release|Any CPU
		{BADC9FDD-49F8-47E6-A97A-18DFCCFBF5E7}.Release|x86.ActiveCfg = Release|Any CPU
		{8CE61308-9DBB-4248-8791-2269F0F1045A}.Debug|Any CPU.ActiveCfg = Debug|Any CPU
		{8CE61308-9DBB-4248-8791-2269F0F1045A}.Debug|Any CPU.Build.0 = Debug|Any CPU
		{8CE61308-9DBB-4248-8791-2269F0F1045A}.Debug|Mixed Platforms.ActiveCfg = Debug|Any CPU
		{8CE61308-9DBB-4248-8791-2269F0F1045A}.Debug|Mixed Platforms.Build.0 = Debug|Any CPU
		{8CE61308-9DBB-4248-8791-2269F0F1045A}.Debug|x64.ActiveCfg = Debug|Any CPU
		{8CE61308-9DBB-4248-8791-2269F0F1045A}.Debug|x64.Build.0 = Debug|Any CPU
		{8CE61308-9DBB-4248-8791-2269F0F1045A}.Debug|x86.ActiveCfg = Debug|Any CPU
		{8CE61308-9DBB-4248-8791-2269F0F1045A}.Release|Any CPU.ActiveCfg = Release|Any CPU
		{8CE61308-9DBB-4248-8791-2269F0F1045A}.Release|Any CPU.Build.0 = Release|Any CPU
		{8CE61308-9DBB-4248-8791-2269F0F1045A}.Release|Mixed Platforms.ActiveCfg = Release|Any CPU
		{8CE61308-9DBB-4248-8791-2269F0F1045A}.Release|Mixed Platforms.Build.0 = Release|Any CPU
		{8CE61308-9DBB-4248-8791-2269F0F1045A}.Release|x64.ActiveCfg = Release|Any CPU
		{8CE61308-9DBB-4248-8791-2269F0F1045A}.Release|x64.Build.0 = Release|Any CPU
		{8CE61308-9DBB-4248-8791-2269F0F1045A}.Release|x86.ActiveCfg = Release|Any CPU
		{2ED393A2-20B6-43EC-84A1-6320778A3AE1}.Debug|Any CPU.ActiveCfg = Debug|Any CPU
		{2ED393A2-20B6-43EC-84A1-6320778A3AE1}.Debug|Any CPU.Build.0 = Debug|Any CPU
		{2ED393A2-20B6-43EC-84A1-6320778A3AE1}.Debug|Mixed Platforms.ActiveCfg = Debug|Any CPU
		{2ED393A2-20B6-43EC-84A1-6320778A3AE1}.Debug|Mixed Platforms.Build.0 = Debug|Any CPU
		{2ED393A2-20B6-43EC-84A1-6320778A3AE1}.Debug|x64.ActiveCfg = Debug|Any CPU
		{2ED393A2-20B6-43EC-84A1-6320778A3AE1}.Debug|x64.Build.0 = Debug|Any CPU
		{2ED393A2-20B6-43EC-84A1-6320778A3AE1}.Debug|x86.ActiveCfg = Debug|Any CPU
		{2ED393A2-20B6-43EC-84A1-6320778A3AE1}.Release|Any CPU.ActiveCfg = Release|Any CPU
		{2ED393A2-20B6-43EC-84A1-6320778A3AE1}.Release|Any CPU.Build.0 = Release|Any CPU
		{2ED393A2-20B6-43EC-84A1-6320778A3AE1}.Release|Mixed Platforms.ActiveCfg = Release|Any CPU
		{2ED393A2-20B6-43EC-84A1-6320778A3AE1}.Release|Mixed Platforms.Build.0 = Release|Any CPU
		{2ED393A2-20B6-43EC-84A1-6320778A3AE1}.Release|x64.ActiveCfg = Release|Any CPU
		{2ED393A2-20B6-43EC-84A1-6320778A3AE1}.Release|x64.Build.0 = Release|Any CPU
		{2ED393A2-20B6-43EC-84A1-6320778A3AE1}.Release|x86.ActiveCfg = Release|Any CPU
		{E4A6210A-B4F6-4727-B637-46EF4160C945}.Debug|Any CPU.ActiveCfg = Debug|Any CPU
		{E4A6210A-B4F6-4727-B637-46EF4160C945}.Debug|Any CPU.Build.0 = Debug|Any CPU
		{E4A6210A-B4F6-4727-B637-46EF4160C945}.Debug|Mixed Platforms.ActiveCfg = Debug|Any CPU
		{E4A6210A-B4F6-4727-B637-46EF4160C945}.Debug|Mixed Platforms.Build.0 = Debug|Any CPU
		{E4A6210A-B4F6-4727-B637-46EF4160C945}.Debug|x64.ActiveCfg = Debug|Any CPU
		{E4A6210A-B4F6-4727-B637-46EF4160C945}.Debug|x64.Build.0 = Debug|Any CPU
		{E4A6210A-B4F6-4727-B637-46EF4160C945}.Debug|x86.ActiveCfg = Debug|Any CPU
		{E4A6210A-B4F6-4727-B637-46EF4160C945}.Release|Any CPU.ActiveCfg = Release|Any CPU
		{E4A6210A-B4F6-4727-B637-46EF4160C945}.Release|Any CPU.Build.0 = Release|Any CPU
		{E4A6210A-B4F6-4727-B637-46EF4160C945}.Release|Mixed Platforms.ActiveCfg = Release|Any CPU
		{E4A6210A-B4F6-4727-B637-46EF4160C945}.Release|Mixed Platforms.Build.0 = Release|Any CPU
		{E4A6210A-B4F6-4727-B637-46EF4160C945}.Release|x64.ActiveCfg = Release|Any CPU
		{E4A6210A-B4F6-4727-B637-46EF4160C945}.Release|x64.Build.0 = Release|Any CPU
		{E4A6210A-B4F6-4727-B637-46EF4160C945}.Release|x86.ActiveCfg = Release|Any CPU
		{F4B927C8-7BCA-4D33-865A-7B908484F9C1}.Debug|Any CPU.ActiveCfg = Debug|Any CPU
		{F4B927C8-7BCA-4D33-865A-7B908484F9C1}.Debug|Any CPU.Build.0 = Debug|Any CPU
		{F4B927C8-7BCA-4D33-865A-7B908484F9C1}.Debug|Mixed Platforms.ActiveCfg = Debug|Any CPU
		{F4B927C8-7BCA-4D33-865A-7B908484F9C1}.Debug|Mixed Platforms.Build.0 = Debug|Any CPU
		{F4B927C8-7BCA-4D33-865A-7B908484F9C1}.Debug|x64.ActiveCfg = Debug|Any CPU
		{F4B927C8-7BCA-4D33-865A-7B908484F9C1}.Debug|x64.Build.0 = Debug|Any CPU
		{F4B927C8-7BCA-4D33-865A-7B908484F9C1}.Debug|x86.ActiveCfg = Debug|Any CPU
		{F4B927C8-7BCA-4D33-865A-7B908484F9C1}.Release|Any CPU.ActiveCfg = Release|Any CPU
		{F4B927C8-7BCA-4D33-865A-7B908484F9C1}.Release|Any CPU.Build.0 = Release|Any CPU
		{F4B927C8-7BCA-4D33-865A-7B908484F9C1}.Release|Mixed Platforms.ActiveCfg = Release|Any CPU
		{F4B927C8-7BCA-4D33-865A-7B908484F9C1}.Release|Mixed Platforms.Build.0 = Release|Any CPU
		{F4B927C8-7BCA-4D33-865A-7B908484F9C1}.Release|x64.ActiveCfg = Release|Any CPU
		{F4B927C8-7BCA-4D33-865A-7B908484F9C1}.Release|x64.Build.0 = Release|Any CPU
		{F4B927C8-7BCA-4D33-865A-7B908484F9C1}.Release|x86.ActiveCfg = Release|Any CPU
		{456C1D63-5D09-49ED-BCA7-662AD3BA7E2C}.Debug|Any CPU.ActiveCfg = Debug|Any CPU
		{456C1D63-5D09-49ED-BCA7-662AD3BA7E2C}.Debug|Any CPU.Build.0 = Debug|Any CPU
		{456C1D63-5D09-49ED-BCA7-662AD3BA7E2C}.Debug|Mixed Platforms.ActiveCfg = Debug|Any CPU
		{456C1D63-5D09-49ED-BCA7-662AD3BA7E2C}.Debug|Mixed Platforms.Build.0 = Debug|Any CPU
		{456C1D63-5D09-49ED-BCA7-662AD3BA7E2C}.Debug|x64.ActiveCfg = Debug|Any CPU
		{456C1D63-5D09-49ED-BCA7-662AD3BA7E2C}.Debug|x64.Build.0 = Debug|Any CPU
		{456C1D63-5D09-49ED-BCA7-662AD3BA7E2C}.Debug|x86.ActiveCfg = Debug|Any CPU
		{456C1D63-5D09-49ED-BCA7-662AD3BA7E2C}.Release|Any CPU.ActiveCfg = Release|Any CPU
		{456C1D63-5D09-49ED-BCA7-662AD3BA7E2C}.Release|Any CPU.Build.0 = Release|Any CPU
		{456C1D63-5D09-49ED-BCA7-662AD3BA7E2C}.Release|Mixed Platforms.ActiveCfg = Release|Any CPU
		{456C1D63-5D09-49ED-BCA7-662AD3BA7E2C}.Release|Mixed Platforms.Build.0 = Release|Any CPU
		{456C1D63-5D09-49ED-BCA7-662AD3BA7E2C}.Release|x64.ActiveCfg = Release|Any CPU
		{456C1D63-5D09-49ED-BCA7-662AD3BA7E2C}.Release|x64.Build.0 = Release|Any CPU
		{456C1D63-5D09-49ED-BCA7-662AD3BA7E2C}.Release|x86.ActiveCfg = Release|Any CPU
		{90D8DCE6-3236-4485-A706-B8CFAE62F94C}.Debug|Any CPU.ActiveCfg = Debug|Any CPU
		{90D8DCE6-3236-4485-A706-B8CFAE62F94C}.Debug|Any CPU.Build.0 = Debug|Any CPU
		{90D8DCE6-3236-4485-A706-B8CFAE62F94C}.Debug|Mixed Platforms.ActiveCfg = Debug|Any CPU
		{90D8DCE6-3236-4485-A706-B8CFAE62F94C}.Debug|Mixed Platforms.Build.0 = Debug|Any CPU
		{90D8DCE6-3236-4485-A706-B8CFAE62F94C}.Debug|x64.ActiveCfg = Debug|Any CPU
		{90D8DCE6-3236-4485-A706-B8CFAE62F94C}.Debug|x64.Build.0 = Debug|Any CPU
		{90D8DCE6-3236-4485-A706-B8CFAE62F94C}.Debug|x86.ActiveCfg = Debug|Any CPU
		{90D8DCE6-3236-4485-A706-B8CFAE62F94C}.Release|Any CPU.ActiveCfg = Release|Any CPU
		{90D8DCE6-3236-4485-A706-B8CFAE62F94C}.Release|Any CPU.Build.0 = Release|Any CPU
		{90D8DCE6-3236-4485-A706-B8CFAE62F94C}.Release|Mixed Platforms.ActiveCfg = Release|Any CPU
		{90D8DCE6-3236-4485-A706-B8CFAE62F94C}.Release|Mixed Platforms.Build.0 = Release|Any CPU
		{90D8DCE6-3236-4485-A706-B8CFAE62F94C}.Release|x64.ActiveCfg = Release|Any CPU
		{90D8DCE6-3236-4485-A706-B8CFAE62F94C}.Release|x64.Build.0 = Release|Any CPU
		{90D8DCE6-3236-4485-A706-B8CFAE62F94C}.Release|x86.ActiveCfg = Release|Any CPU
		{9969CC29-2D6F-4AA0-8C5F-9AA2AD506327}.Debug|Any CPU.ActiveCfg = Debug|Any CPU
		{9969CC29-2D6F-4AA0-8C5F-9AA2AD506327}.Debug|Any CPU.Build.0 = Debug|Any CPU
		{9969CC29-2D6F-4AA0-8C5F-9AA2AD506327}.Debug|Mixed Platforms.ActiveCfg = Debug|Any CPU
		{9969CC29-2D6F-4AA0-8C5F-9AA2AD506327}.Debug|Mixed Platforms.Build.0 = Debug|Any CPU
		{9969CC29-2D6F-4AA0-8C5F-9AA2AD506327}.Debug|x64.ActiveCfg = Debug|Any CPU
		{9969CC29-2D6F-4AA0-8C5F-9AA2AD506327}.Debug|x64.Build.0 = Debug|Any CPU
		{9969CC29-2D6F-4AA0-8C5F-9AA2AD506327}.Debug|x86.ActiveCfg = Debug|Any CPU
		{9969CC29-2D6F-4AA0-8C5F-9AA2AD506327}.Release|Any CPU.ActiveCfg = Release|Any CPU
		{9969CC29-2D6F-4AA0-8C5F-9AA2AD506327}.Release|Any CPU.Build.0 = Release|Any CPU
		{9969CC29-2D6F-4AA0-8C5F-9AA2AD506327}.Release|Mixed Platforms.ActiveCfg = Release|Any CPU
		{9969CC29-2D6F-4AA0-8C5F-9AA2AD506327}.Release|Mixed Platforms.Build.0 = Release|Any CPU
		{9969CC29-2D6F-4AA0-8C5F-9AA2AD506327}.Release|x64.ActiveCfg = Release|Any CPU
		{9969CC29-2D6F-4AA0-8C5F-9AA2AD506327}.Release|x64.Build.0 = Release|Any CPU
		{9969CC29-2D6F-4AA0-8C5F-9AA2AD506327}.Release|x86.ActiveCfg = Release|Any CPU
		{222F06D1-12C1-4E0A-8B4B-44FC1F53774E}.Debug|Any CPU.ActiveCfg = Debug|Any CPU
		{222F06D1-12C1-4E0A-8B4B-44FC1F53774E}.Debug|Any CPU.Build.0 = Debug|Any CPU
		{222F06D1-12C1-4E0A-8B4B-44FC1F53774E}.Debug|Mixed Platforms.ActiveCfg = Debug|Any CPU
		{222F06D1-12C1-4E0A-8B4B-44FC1F53774E}.Debug|Mixed Platforms.Build.0 = Debug|Any CPU
		{222F06D1-12C1-4E0A-8B4B-44FC1F53774E}.Debug|x64.ActiveCfg = Debug|Any CPU
		{222F06D1-12C1-4E0A-8B4B-44FC1F53774E}.Debug|x64.Build.0 = Debug|Any CPU
		{222F06D1-12C1-4E0A-8B4B-44FC1F53774E}.Debug|x86.ActiveCfg = Debug|Any CPU
		{222F06D1-12C1-4E0A-8B4B-44FC1F53774E}.Debug|x86.Build.0 = Debug|Any CPU
		{222F06D1-12C1-4E0A-8B4B-44FC1F53774E}.Release|Any CPU.ActiveCfg = Release|Any CPU
		{222F06D1-12C1-4E0A-8B4B-44FC1F53774E}.Release|Any CPU.Build.0 = Release|Any CPU
		{222F06D1-12C1-4E0A-8B4B-44FC1F53774E}.Release|Mixed Platforms.ActiveCfg = Release|Any CPU
		{222F06D1-12C1-4E0A-8B4B-44FC1F53774E}.Release|Mixed Platforms.Build.0 = Release|Any CPU
		{222F06D1-12C1-4E0A-8B4B-44FC1F53774E}.Release|x64.ActiveCfg = Release|Any CPU
		{222F06D1-12C1-4E0A-8B4B-44FC1F53774E}.Release|x64.Build.0 = Release|Any CPU
		{222F06D1-12C1-4E0A-8B4B-44FC1F53774E}.Release|x86.ActiveCfg = Release|Any CPU
		{222F06D1-12C1-4E0A-8B4B-44FC1F53774E}.Release|x86.Build.0 = Release|Any CPU
		{236D2779-2F89-48E6-A174-F62ADB31CFF3}.Debug|Any CPU.ActiveCfg = Debug|Any CPU
		{236D2779-2F89-48E6-A174-F62ADB31CFF3}.Debug|Any CPU.Build.0 = Debug|Any CPU
		{236D2779-2F89-48E6-A174-F62ADB31CFF3}.Debug|Mixed Platforms.ActiveCfg = Debug|Any CPU
		{236D2779-2F89-48E6-A174-F62ADB31CFF3}.Debug|Mixed Platforms.Build.0 = Debug|Any CPU
		{236D2779-2F89-48E6-A174-F62ADB31CFF3}.Debug|x64.ActiveCfg = Debug|Any CPU
		{236D2779-2F89-48E6-A174-F62ADB31CFF3}.Debug|x64.Build.0 = Debug|Any CPU
		{236D2779-2F89-48E6-A174-F62ADB31CFF3}.Debug|x86.ActiveCfg = Debug|Any CPU
		{236D2779-2F89-48E6-A174-F62ADB31CFF3}.Debug|x86.Build.0 = Debug|Any CPU
		{236D2779-2F89-48E6-A174-F62ADB31CFF3}.Release|Any CPU.ActiveCfg = Release|Any CPU
		{236D2779-2F89-48E6-A174-F62ADB31CFF3}.Release|Any CPU.Build.0 = Release|Any CPU
		{236D2779-2F89-48E6-A174-F62ADB31CFF3}.Release|Mixed Platforms.ActiveCfg = Release|Any CPU
		{236D2779-2F89-48E6-A174-F62ADB31CFF3}.Release|Mixed Platforms.Build.0 = Release|Any CPU
		{236D2779-2F89-48E6-A174-F62ADB31CFF3}.Release|x64.ActiveCfg = Release|Any CPU
		{236D2779-2F89-48E6-A174-F62ADB31CFF3}.Release|x64.Build.0 = Release|Any CPU
		{236D2779-2F89-48E6-A174-F62ADB31CFF3}.Release|x86.ActiveCfg = Release|Any CPU
		{236D2779-2F89-48E6-A174-F62ADB31CFF3}.Release|x86.Build.0 = Release|Any CPU
		{7E2699E4-406D-4515-B3EB-EAA4ABF2CFBD}.Debug|Any CPU.ActiveCfg = Debug|Any CPU
		{7E2699E4-406D-4515-B3EB-EAA4ABF2CFBD}.Debug|Any CPU.Build.0 = Debug|Any CPU
		{7E2699E4-406D-4515-B3EB-EAA4ABF2CFBD}.Debug|Mixed Platforms.ActiveCfg = Debug|Any CPU
		{7E2699E4-406D-4515-B3EB-EAA4ABF2CFBD}.Debug|Mixed Platforms.Build.0 = Debug|Any CPU
		{7E2699E4-406D-4515-B3EB-EAA4ABF2CFBD}.Debug|x64.ActiveCfg = Debug|Any CPU
		{7E2699E4-406D-4515-B3EB-EAA4ABF2CFBD}.Debug|x64.Build.0 = Debug|Any CPU
		{7E2699E4-406D-4515-B3EB-EAA4ABF2CFBD}.Debug|x86.ActiveCfg = Debug|Any CPU
		{7E2699E4-406D-4515-B3EB-EAA4ABF2CFBD}.Debug|x86.Build.0 = Debug|Any CPU
		{7E2699E4-406D-4515-B3EB-EAA4ABF2CFBD}.Release|Any CPU.ActiveCfg = Release|Any CPU
		{7E2699E4-406D-4515-B3EB-EAA4ABF2CFBD}.Release|Any CPU.Build.0 = Release|Any CPU
		{7E2699E4-406D-4515-B3EB-EAA4ABF2CFBD}.Release|Mixed Platforms.ActiveCfg = Release|Any CPU
		{7E2699E4-406D-4515-B3EB-EAA4ABF2CFBD}.Release|Mixed Platforms.Build.0 = Release|Any CPU
		{7E2699E4-406D-4515-B3EB-EAA4ABF2CFBD}.Release|x64.ActiveCfg = Release|Any CPU
		{7E2699E4-406D-4515-B3EB-EAA4ABF2CFBD}.Release|x64.Build.0 = Release|Any CPU
		{7E2699E4-406D-4515-B3EB-EAA4ABF2CFBD}.Release|x86.ActiveCfg = Release|Any CPU
		{7E2699E4-406D-4515-B3EB-EAA4ABF2CFBD}.Release|x86.Build.0 = Release|Any CPU
		{CFEA473B-515F-46B3-B239-353BEEE615D0}.Debug|Any CPU.ActiveCfg = Debug|Any CPU
		{CFEA473B-515F-46B3-B239-353BEEE615D0}.Debug|Any CPU.Build.0 = Debug|Any CPU
		{CFEA473B-515F-46B3-B239-353BEEE615D0}.Debug|Mixed Platforms.ActiveCfg = Debug|Any CPU
		{CFEA473B-515F-46B3-B239-353BEEE615D0}.Debug|Mixed Platforms.Build.0 = Debug|Any CPU
		{CFEA473B-515F-46B3-B239-353BEEE615D0}.Debug|x64.ActiveCfg = Debug|Any CPU
		{CFEA473B-515F-46B3-B239-353BEEE615D0}.Debug|x64.Build.0 = Debug|Any CPU
		{CFEA473B-515F-46B3-B239-353BEEE615D0}.Debug|x86.ActiveCfg = Debug|Any CPU
		{CFEA473B-515F-46B3-B239-353BEEE615D0}.Debug|x86.Build.0 = Debug|Any CPU
		{CFEA473B-515F-46B3-B239-353BEEE615D0}.Release|Any CPU.ActiveCfg = Release|Any CPU
		{CFEA473B-515F-46B3-B239-353BEEE615D0}.Release|Any CPU.Build.0 = Release|Any CPU
		{CFEA473B-515F-46B3-B239-353BEEE615D0}.Release|Mixed Platforms.ActiveCfg = Release|Any CPU
		{CFEA473B-515F-46B3-B239-353BEEE615D0}.Release|Mixed Platforms.Build.0 = Release|Any CPU
		{CFEA473B-515F-46B3-B239-353BEEE615D0}.Release|x64.ActiveCfg = Release|Any CPU
		{CFEA473B-515F-46B3-B239-353BEEE615D0}.Release|x64.Build.0 = Release|Any CPU
		{CFEA473B-515F-46B3-B239-353BEEE615D0}.Release|x86.ActiveCfg = Release|Any CPU
		{CFEA473B-515F-46B3-B239-353BEEE615D0}.Release|x86.Build.0 = Release|Any CPU
		{611C6FCB-240C-487C-968C-20ACBB8F252A}.Debug|Any CPU.ActiveCfg = Debug|Any CPU
		{611C6FCB-240C-487C-968C-20ACBB8F252A}.Debug|Any CPU.Build.0 = Debug|Any CPU
		{611C6FCB-240C-487C-968C-20ACBB8F252A}.Debug|Mixed Platforms.ActiveCfg = Debug|Any CPU
		{611C6FCB-240C-487C-968C-20ACBB8F252A}.Debug|Mixed Platforms.Build.0 = Debug|Any CPU
		{611C6FCB-240C-487C-968C-20ACBB8F252A}.Debug|x64.ActiveCfg = Debug|Any CPU
		{611C6FCB-240C-487C-968C-20ACBB8F252A}.Debug|x64.Build.0 = Debug|Any CPU
		{611C6FCB-240C-487C-968C-20ACBB8F252A}.Debug|x86.ActiveCfg = Debug|Any CPU
		{611C6FCB-240C-487C-968C-20ACBB8F252A}.Debug|x86.Build.0 = Debug|Any CPU
		{611C6FCB-240C-487C-968C-20ACBB8F252A}.Release|Any CPU.ActiveCfg = Release|Any CPU
		{611C6FCB-240C-487C-968C-20ACBB8F252A}.Release|Any CPU.Build.0 = Release|Any CPU
		{611C6FCB-240C-487C-968C-20ACBB8F252A}.Release|Mixed Platforms.ActiveCfg = Release|Any CPU
		{611C6FCB-240C-487C-968C-20ACBB8F252A}.Release|Mixed Platforms.Build.0 = Release|Any CPU
		{611C6FCB-240C-487C-968C-20ACBB8F252A}.Release|x64.ActiveCfg = Release|Any CPU
		{611C6FCB-240C-487C-968C-20ACBB8F252A}.Release|x64.Build.0 = Release|Any CPU
		{611C6FCB-240C-487C-968C-20ACBB8F252A}.Release|x86.ActiveCfg = Release|Any CPU
		{611C6FCB-240C-487C-968C-20ACBB8F252A}.Release|x86.Build.0 = Release|Any CPU
		{B648FAE8-F148-41A1-A674-E319655ECB3D}.Debug|Any CPU.ActiveCfg = Debug|Any CPU
		{B648FAE8-F148-41A1-A674-E319655ECB3D}.Debug|Any CPU.Build.0 = Debug|Any CPU
		{B648FAE8-F148-41A1-A674-E319655ECB3D}.Debug|Mixed Platforms.ActiveCfg = Debug|Any CPU
		{B648FAE8-F148-41A1-A674-E319655ECB3D}.Debug|Mixed Platforms.Build.0 = Debug|Any CPU
		{B648FAE8-F148-41A1-A674-E319655ECB3D}.Debug|x64.ActiveCfg = Debug|Any CPU
		{B648FAE8-F148-41A1-A674-E319655ECB3D}.Debug|x64.Build.0 = Debug|Any CPU
		{B648FAE8-F148-41A1-A674-E319655ECB3D}.Debug|x86.ActiveCfg = Debug|Any CPU
		{B648FAE8-F148-41A1-A674-E319655ECB3D}.Debug|x86.Build.0 = Debug|Any CPU
		{B648FAE8-F148-41A1-A674-E319655ECB3D}.Release|Any CPU.ActiveCfg = Release|Any CPU
		{B648FAE8-F148-41A1-A674-E319655ECB3D}.Release|Any CPU.Build.0 = Release|Any CPU
		{B648FAE8-F148-41A1-A674-E319655ECB3D}.Release|Mixed Platforms.ActiveCfg = Release|Any CPU
		{B648FAE8-F148-41A1-A674-E319655ECB3D}.Release|Mixed Platforms.Build.0 = Release|Any CPU
		{B648FAE8-F148-41A1-A674-E319655ECB3D}.Release|x64.ActiveCfg = Release|Any CPU
		{B648FAE8-F148-41A1-A674-E319655ECB3D}.Release|x64.Build.0 = Release|Any CPU
		{B648FAE8-F148-41A1-A674-E319655ECB3D}.Release|x86.ActiveCfg = Release|Any CPU
		{B648FAE8-F148-41A1-A674-E319655ECB3D}.Release|x86.Build.0 = Release|Any CPU
		{6C6D8322-E561-4AFB-AC9B-FD5B28A3925B}.Debug|Any CPU.ActiveCfg = Debug|Any CPU
		{6C6D8322-E561-4AFB-AC9B-FD5B28A3925B}.Debug|Any CPU.Build.0 = Debug|Any CPU
		{6C6D8322-E561-4AFB-AC9B-FD5B28A3925B}.Debug|Mixed Platforms.ActiveCfg = Debug|Any CPU
		{6C6D8322-E561-4AFB-AC9B-FD5B28A3925B}.Debug|Mixed Platforms.Build.0 = Debug|Any CPU
		{6C6D8322-E561-4AFB-AC9B-FD5B28A3925B}.Debug|x64.ActiveCfg = Debug|Any CPU
		{6C6D8322-E561-4AFB-AC9B-FD5B28A3925B}.Debug|x64.Build.0 = Debug|Any CPU
		{6C6D8322-E561-4AFB-AC9B-FD5B28A3925B}.Debug|x86.ActiveCfg = Debug|Any CPU
		{6C6D8322-E561-4AFB-AC9B-FD5B28A3925B}.Debug|x86.Build.0 = Debug|Any CPU
		{6C6D8322-E561-4AFB-AC9B-FD5B28A3925B}.Release|Any CPU.ActiveCfg = Release|Any CPU
		{6C6D8322-E561-4AFB-AC9B-FD5B28A3925B}.Release|Any CPU.Build.0 = Release|Any CPU
		{6C6D8322-E561-4AFB-AC9B-FD5B28A3925B}.Release|Mixed Platforms.ActiveCfg = Release|Any CPU
		{6C6D8322-E561-4AFB-AC9B-FD5B28A3925B}.Release|Mixed Platforms.Build.0 = Release|Any CPU
		{6C6D8322-E561-4AFB-AC9B-FD5B28A3925B}.Release|x64.ActiveCfg = Release|Any CPU
		{6C6D8322-E561-4AFB-AC9B-FD5B28A3925B}.Release|x64.Build.0 = Release|Any CPU
		{6C6D8322-E561-4AFB-AC9B-FD5B28A3925B}.Release|x86.ActiveCfg = Release|Any CPU
		{6C6D8322-E561-4AFB-AC9B-FD5B28A3925B}.Release|x86.Build.0 = Release|Any CPU
		{272ADE3B-B049-4418-B378-93A982D3602A}.Debug|Any CPU.ActiveCfg = Debug|Any CPU
		{272ADE3B-B049-4418-B378-93A982D3602A}.Debug|Any CPU.Build.0 = Debug|Any CPU
		{272ADE3B-B049-4418-B378-93A982D3602A}.Debug|Mixed Platforms.ActiveCfg = Debug|Any CPU
		{272ADE3B-B049-4418-B378-93A982D3602A}.Debug|Mixed Platforms.Build.0 = Debug|Any CPU
		{272ADE3B-B049-4418-B378-93A982D3602A}.Debug|x64.ActiveCfg = Debug|Any CPU
		{272ADE3B-B049-4418-B378-93A982D3602A}.Debug|x64.Build.0 = Debug|Any CPU
		{272ADE3B-B049-4418-B378-93A982D3602A}.Debug|x86.ActiveCfg = Debug|Any CPU
		{272ADE3B-B049-4418-B378-93A982D3602A}.Debug|x86.Build.0 = Debug|Any CPU
		{272ADE3B-B049-4418-B378-93A982D3602A}.Release|Any CPU.ActiveCfg = Release|Any CPU
		{272ADE3B-B049-4418-B378-93A982D3602A}.Release|Any CPU.Build.0 = Release|Any CPU
		{272ADE3B-B049-4418-B378-93A982D3602A}.Release|Mixed Platforms.ActiveCfg = Release|Any CPU
		{272ADE3B-B049-4418-B378-93A982D3602A}.Release|Mixed Platforms.Build.0 = Release|Any CPU
		{272ADE3B-B049-4418-B378-93A982D3602A}.Release|x64.ActiveCfg = Release|Any CPU
		{272ADE3B-B049-4418-B378-93A982D3602A}.Release|x64.Build.0 = Release|Any CPU
		{272ADE3B-B049-4418-B378-93A982D3602A}.Release|x86.ActiveCfg = Release|Any CPU
		{272ADE3B-B049-4418-B378-93A982D3602A}.Release|x86.Build.0 = Release|Any CPU
		{40EC7717-629C-4493-A68D-C8CD13090E04}.Debug|Any CPU.ActiveCfg = Debug|Any CPU
		{40EC7717-629C-4493-A68D-C8CD13090E04}.Debug|Any CPU.Build.0 = Debug|Any CPU
		{40EC7717-629C-4493-A68D-C8CD13090E04}.Debug|Mixed Platforms.ActiveCfg = Debug|Any CPU
		{40EC7717-629C-4493-A68D-C8CD13090E04}.Debug|Mixed Platforms.Build.0 = Debug|Any CPU
		{40EC7717-629C-4493-A68D-C8CD13090E04}.Debug|x64.ActiveCfg = Debug|Any CPU
		{40EC7717-629C-4493-A68D-C8CD13090E04}.Debug|x64.Build.0 = Debug|Any CPU
		{40EC7717-629C-4493-A68D-C8CD13090E04}.Debug|x86.ActiveCfg = Debug|Any CPU
		{40EC7717-629C-4493-A68D-C8CD13090E04}.Debug|x86.Build.0 = Debug|Any CPU
		{40EC7717-629C-4493-A68D-C8CD13090E04}.Release|Any CPU.ActiveCfg = Release|Any CPU
		{40EC7717-629C-4493-A68D-C8CD13090E04}.Release|Any CPU.Build.0 = Release|Any CPU
		{40EC7717-629C-4493-A68D-C8CD13090E04}.Release|Mixed Platforms.ActiveCfg = Release|Any CPU
		{40EC7717-629C-4493-A68D-C8CD13090E04}.Release|Mixed Platforms.Build.0 = Release|Any CPU
		{40EC7717-629C-4493-A68D-C8CD13090E04}.Release|x64.ActiveCfg = Release|Any CPU
		{40EC7717-629C-4493-A68D-C8CD13090E04}.Release|x64.Build.0 = Release|Any CPU
		{40EC7717-629C-4493-A68D-C8CD13090E04}.Release|x86.ActiveCfg = Release|Any CPU
		{40EC7717-629C-4493-A68D-C8CD13090E04}.Release|x86.Build.0 = Release|Any CPU
		{C47E8450-BB2F-44EA-B515-AC12CA7E4169}.Debug|Any CPU.ActiveCfg = Debug|x86
		{C47E8450-BB2F-44EA-B515-AC12CA7E4169}.Debug|Any CPU.Build.0 = Debug|x86
		{C47E8450-BB2F-44EA-B515-AC12CA7E4169}.Debug|Mixed Platforms.ActiveCfg = Debug|x86
		{C47E8450-BB2F-44EA-B515-AC12CA7E4169}.Debug|Mixed Platforms.Build.0 = Debug|x86
		{C47E8450-BB2F-44EA-B515-AC12CA7E4169}.Debug|x64.ActiveCfg = Debug|x86
		{C47E8450-BB2F-44EA-B515-AC12CA7E4169}.Debug|x86.ActiveCfg = Debug|x86
		{C47E8450-BB2F-44EA-B515-AC12CA7E4169}.Debug|x86.Build.0 = Debug|x86
		{C47E8450-BB2F-44EA-B515-AC12CA7E4169}.Release|Any CPU.ActiveCfg = Release|x86
		{C47E8450-BB2F-44EA-B515-AC12CA7E4169}.Release|Mixed Platforms.ActiveCfg = Release|x86
		{C47E8450-BB2F-44EA-B515-AC12CA7E4169}.Release|Mixed Platforms.Build.0 = Release|x86
		{C47E8450-BB2F-44EA-B515-AC12CA7E4169}.Release|x64.ActiveCfg = Release|x86
		{C47E8450-BB2F-44EA-B515-AC12CA7E4169}.Release|x86.ActiveCfg = Release|x86
		{C47E8450-BB2F-44EA-B515-AC12CA7E4169}.Release|x86.Build.0 = Release|x86
		{58E1E343-B835-4F48-9C55-76999BF1B897}.Debug|Any CPU.ActiveCfg = Debug|Any CPU
		{58E1E343-B835-4F48-9C55-76999BF1B897}.Debug|Any CPU.Build.0 = Debug|Any CPU
		{58E1E343-B835-4F48-9C55-76999BF1B897}.Debug|Mixed Platforms.ActiveCfg = Debug|Any CPU
		{58E1E343-B835-4F48-9C55-76999BF1B897}.Debug|Mixed Platforms.Build.0 = Debug|Any CPU
		{58E1E343-B835-4F48-9C55-76999BF1B897}.Debug|x64.ActiveCfg = Debug|Any CPU
		{58E1E343-B835-4F48-9C55-76999BF1B897}.Debug|x64.Build.0 = Debug|Any CPU
		{58E1E343-B835-4F48-9C55-76999BF1B897}.Debug|x86.ActiveCfg = Debug|Any CPU
		{58E1E343-B835-4F48-9C55-76999BF1B897}.Debug|x86.Build.0 = Debug|Any CPU
		{58E1E343-B835-4F48-9C55-76999BF1B897}.Release|Any CPU.ActiveCfg = Release|Any CPU
		{58E1E343-B835-4F48-9C55-76999BF1B897}.Release|Any CPU.Build.0 = Release|Any CPU
		{58E1E343-B835-4F48-9C55-76999BF1B897}.Release|Mixed Platforms.ActiveCfg = Release|Any CPU
		{58E1E343-B835-4F48-9C55-76999BF1B897}.Release|Mixed Platforms.Build.0 = Release|Any CPU
		{58E1E343-B835-4F48-9C55-76999BF1B897}.Release|x64.ActiveCfg = Release|Any CPU
		{58E1E343-B835-4F48-9C55-76999BF1B897}.Release|x64.Build.0 = Release|Any CPU
		{58E1E343-B835-4F48-9C55-76999BF1B897}.Release|x86.ActiveCfg = Release|Any CPU
		{58E1E343-B835-4F48-9C55-76999BF1B897}.Release|x86.Build.0 = Release|Any CPU
		{981FBB3B-26F5-4F88-BBF2-D710B799364D}.Debug|Any CPU.ActiveCfg = Debug|x86
		{981FBB3B-26F5-4F88-BBF2-D710B799364D}.Debug|Any CPU.Build.0 = Debug|x86
		{981FBB3B-26F5-4F88-BBF2-D710B799364D}.Debug|Mixed Platforms.ActiveCfg = Debug|x86
		{981FBB3B-26F5-4F88-BBF2-D710B799364D}.Debug|Mixed Platforms.Build.0 = Debug|x86
		{981FBB3B-26F5-4F88-BBF2-D710B799364D}.Debug|x64.ActiveCfg = Debug|x86
		{981FBB3B-26F5-4F88-BBF2-D710B799364D}.Debug|x86.ActiveCfg = Debug|x86
		{981FBB3B-26F5-4F88-BBF2-D710B799364D}.Debug|x86.Build.0 = Debug|x86
		{981FBB3B-26F5-4F88-BBF2-D710B799364D}.Release|Any CPU.ActiveCfg = Release|x86
		{981FBB3B-26F5-4F88-BBF2-D710B799364D}.Release|Mixed Platforms.ActiveCfg = Release|x86
		{981FBB3B-26F5-4F88-BBF2-D710B799364D}.Release|Mixed Platforms.Build.0 = Release|x86
		{981FBB3B-26F5-4F88-BBF2-D710B799364D}.Release|x64.ActiveCfg = Release|x86
		{981FBB3B-26F5-4F88-BBF2-D710B799364D}.Release|x86.ActiveCfg = Release|x86
		{981FBB3B-26F5-4F88-BBF2-D710B799364D}.Release|x86.Build.0 = Release|x86
		{2B2254B2-767A-459B-BFC2-A6939B462AF7}.Debug|Any CPU.ActiveCfg = Debug|Any CPU
		{2B2254B2-767A-459B-BFC2-A6939B462AF7}.Debug|Any CPU.Build.0 = Debug|Any CPU
		{2B2254B2-767A-459B-BFC2-A6939B462AF7}.Debug|Mixed Platforms.ActiveCfg = Debug|Any CPU
		{2B2254B2-767A-459B-BFC2-A6939B462AF7}.Debug|Mixed Platforms.Build.0 = Debug|Any CPU
		{2B2254B2-767A-459B-BFC2-A6939B462AF7}.Debug|x64.ActiveCfg = Debug|Any CPU
		{2B2254B2-767A-459B-BFC2-A6939B462AF7}.Debug|x64.Build.0 = Debug|Any CPU
		{2B2254B2-767A-459B-BFC2-A6939B462AF7}.Debug|x86.ActiveCfg = Debug|Any CPU
		{2B2254B2-767A-459B-BFC2-A6939B462AF7}.Debug|x86.Build.0 = Debug|Any CPU
		{2B2254B2-767A-459B-BFC2-A6939B462AF7}.Release|Any CPU.ActiveCfg = Release|Any CPU
		{2B2254B2-767A-459B-BFC2-A6939B462AF7}.Release|Any CPU.Build.0 = Release|Any CPU
		{2B2254B2-767A-459B-BFC2-A6939B462AF7}.Release|Mixed Platforms.ActiveCfg = Release|Any CPU
		{2B2254B2-767A-459B-BFC2-A6939B462AF7}.Release|Mixed Platforms.Build.0 = Release|Any CPU
		{2B2254B2-767A-459B-BFC2-A6939B462AF7}.Release|x64.ActiveCfg = Release|Any CPU
		{2B2254B2-767A-459B-BFC2-A6939B462AF7}.Release|x64.Build.0 = Release|Any CPU
		{2B2254B2-767A-459B-BFC2-A6939B462AF7}.Release|x86.ActiveCfg = Release|Any CPU
		{2B2254B2-767A-459B-BFC2-A6939B462AF7}.Release|x86.Build.0 = Release|Any CPU
		{F33B07C8-F762-452C-932D-BD671BE56737}.Debug|Any CPU.ActiveCfg = Debug|Any CPU
		{F33B07C8-F762-452C-932D-BD671BE56737}.Debug|Any CPU.Build.0 = Debug|Any CPU
		{F33B07C8-F762-452C-932D-BD671BE56737}.Debug|Mixed Platforms.ActiveCfg = Debug|Any CPU
		{F33B07C8-F762-452C-932D-BD671BE56737}.Debug|Mixed Platforms.Build.0 = Debug|Any CPU
		{F33B07C8-F762-452C-932D-BD671BE56737}.Debug|x64.ActiveCfg = Debug|Any CPU
		{F33B07C8-F762-452C-932D-BD671BE56737}.Debug|x64.Build.0 = Debug|Any CPU
		{F33B07C8-F762-452C-932D-BD671BE56737}.Debug|x86.ActiveCfg = Debug|Any CPU
		{F33B07C8-F762-452C-932D-BD671BE56737}.Debug|x86.Build.0 = Debug|Any CPU
		{F33B07C8-F762-452C-932D-BD671BE56737}.Release|Any CPU.ActiveCfg = Release|Any CPU
		{F33B07C8-F762-452C-932D-BD671BE56737}.Release|Any CPU.Build.0 = Release|Any CPU
		{F33B07C8-F762-452C-932D-BD671BE56737}.Release|Mixed Platforms.ActiveCfg = Release|Any CPU
		{F33B07C8-F762-452C-932D-BD671BE56737}.Release|Mixed Platforms.Build.0 = Release|Any CPU
		{F33B07C8-F762-452C-932D-BD671BE56737}.Release|x64.ActiveCfg = Release|Any CPU
		{F33B07C8-F762-452C-932D-BD671BE56737}.Release|x64.Build.0 = Release|Any CPU
		{F33B07C8-F762-452C-932D-BD671BE56737}.Release|x86.ActiveCfg = Release|Any CPU
		{F33B07C8-F762-452C-932D-BD671BE56737}.Release|x86.Build.0 = Release|Any CPU
		{9450A91A-5224-46C3-A9AF-78FDA597BC50}.Debug|Any CPU.ActiveCfg = Debug|Any CPU
		{9450A91A-5224-46C3-A9AF-78FDA597BC50}.Debug|Any CPU.Build.0 = Debug|Any CPU
		{9450A91A-5224-46C3-A9AF-78FDA597BC50}.Debug|Mixed Platforms.ActiveCfg = Debug|Any CPU
		{9450A91A-5224-46C3-A9AF-78FDA597BC50}.Debug|Mixed Platforms.Build.0 = Debug|Any CPU
		{9450A91A-5224-46C3-A9AF-78FDA597BC50}.Debug|x64.ActiveCfg = Debug|Any CPU
		{9450A91A-5224-46C3-A9AF-78FDA597BC50}.Debug|x64.Build.0 = Debug|Any CPU
		{9450A91A-5224-46C3-A9AF-78FDA597BC50}.Debug|x86.ActiveCfg = Debug|Any CPU
		{9450A91A-5224-46C3-A9AF-78FDA597BC50}.Debug|x86.Build.0 = Debug|Any CPU
		{9450A91A-5224-46C3-A9AF-78FDA597BC50}.Release|Any CPU.ActiveCfg = Release|Any CPU
		{9450A91A-5224-46C3-A9AF-78FDA597BC50}.Release|Any CPU.Build.0 = Release|Any CPU
		{9450A91A-5224-46C3-A9AF-78FDA597BC50}.Release|Mixed Platforms.ActiveCfg = Release|Any CPU
		{9450A91A-5224-46C3-A9AF-78FDA597BC50}.Release|Mixed Platforms.Build.0 = Release|Any CPU
		{9450A91A-5224-46C3-A9AF-78FDA597BC50}.Release|x64.ActiveCfg = Release|Any CPU
		{9450A91A-5224-46C3-A9AF-78FDA597BC50}.Release|x64.Build.0 = Release|Any CPU
		{9450A91A-5224-46C3-A9AF-78FDA597BC50}.Release|x86.ActiveCfg = Release|Any CPU
		{9450A91A-5224-46C3-A9AF-78FDA597BC50}.Release|x86.Build.0 = Release|Any CPU
		{5EE3D1ED-BA1E-4ADE-80EB-250DCC2C3DF1}.Debug|Any CPU.ActiveCfg = Debug|Any CPU
		{5EE3D1ED-BA1E-4ADE-80EB-250DCC2C3DF1}.Debug|Any CPU.Build.0 = Debug|Any CPU
		{5EE3D1ED-BA1E-4ADE-80EB-250DCC2C3DF1}.Debug|Mixed Platforms.ActiveCfg = Debug|Any CPU
		{5EE3D1ED-BA1E-4ADE-80EB-250DCC2C3DF1}.Debug|Mixed Platforms.Build.0 = Debug|Any CPU
		{5EE3D1ED-BA1E-4ADE-80EB-250DCC2C3DF1}.Debug|x64.ActiveCfg = Debug|x64
		{5EE3D1ED-BA1E-4ADE-80EB-250DCC2C3DF1}.Debug|x64.Build.0 = Debug|x64
		{5EE3D1ED-BA1E-4ADE-80EB-250DCC2C3DF1}.Debug|x86.ActiveCfg = Debug|x86
		{5EE3D1ED-BA1E-4ADE-80EB-250DCC2C3DF1}.Debug|x86.Build.0 = Debug|x86
		{5EE3D1ED-BA1E-4ADE-80EB-250DCC2C3DF1}.Release|Any CPU.ActiveCfg = Release|Any CPU
		{5EE3D1ED-BA1E-4ADE-80EB-250DCC2C3DF1}.Release|Any CPU.Build.0 = Release|Any CPU
		{5EE3D1ED-BA1E-4ADE-80EB-250DCC2C3DF1}.Release|Mixed Platforms.ActiveCfg = Release|x86
		{5EE3D1ED-BA1E-4ADE-80EB-250DCC2C3DF1}.Release|Mixed Platforms.Build.0 = Release|x86
		{5EE3D1ED-BA1E-4ADE-80EB-250DCC2C3DF1}.Release|x64.ActiveCfg = Release|x64
		{5EE3D1ED-BA1E-4ADE-80EB-250DCC2C3DF1}.Release|x64.Build.0 = Release|x64
		{5EE3D1ED-BA1E-4ADE-80EB-250DCC2C3DF1}.Release|x86.ActiveCfg = Release|x86
		{5EE3D1ED-BA1E-4ADE-80EB-250DCC2C3DF1}.Release|x86.Build.0 = Release|x86
		{5F2A9956-FF36-41CC-A199-A3A687CC231B}.Debug|Any CPU.ActiveCfg = Debug|Any CPU
		{5F2A9956-FF36-41CC-A199-A3A687CC231B}.Debug|Any CPU.Build.0 = Debug|Any CPU
		{5F2A9956-FF36-41CC-A199-A3A687CC231B}.Debug|Mixed Platforms.ActiveCfg = Debug|Any CPU
		{5F2A9956-FF36-41CC-A199-A3A687CC231B}.Debug|Mixed Platforms.Build.0 = Debug|Any CPU
		{5F2A9956-FF36-41CC-A199-A3A687CC231B}.Debug|x64.ActiveCfg = Debug|Any CPU
		{5F2A9956-FF36-41CC-A199-A3A687CC231B}.Debug|x64.Build.0 = Debug|Any CPU
		{5F2A9956-FF36-41CC-A199-A3A687CC231B}.Debug|x86.ActiveCfg = Debug|Any CPU
		{5F2A9956-FF36-41CC-A199-A3A687CC231B}.Debug|x86.Build.0 = Debug|Any CPU
		{5F2A9956-FF36-41CC-A199-A3A687CC231B}.Release|Any CPU.ActiveCfg = Release|Any CPU
		{5F2A9956-FF36-41CC-A199-A3A687CC231B}.Release|Any CPU.Build.0 = Release|Any CPU
		{5F2A9956-FF36-41CC-A199-A3A687CC231B}.Release|Mixed Platforms.ActiveCfg = Release|Any CPU
		{5F2A9956-FF36-41CC-A199-A3A687CC231B}.Release|Mixed Platforms.Build.0 = Release|Any CPU
		{5F2A9956-FF36-41CC-A199-A3A687CC231B}.Release|x64.ActiveCfg = Release|Any CPU
		{5F2A9956-FF36-41CC-A199-A3A687CC231B}.Release|x64.Build.0 = Release|Any CPU
		{5F2A9956-FF36-41CC-A199-A3A687CC231B}.Release|x86.ActiveCfg = Release|Any CPU
		{5F2A9956-FF36-41CC-A199-A3A687CC231B}.Release|x86.Build.0 = Release|Any CPU
		{D3AAF07B-A899-4AC4-9FAE-5F46B26B446B}.Debug|Any CPU.ActiveCfg = Debug|Any CPU
		{D3AAF07B-A899-4AC4-9FAE-5F46B26B446B}.Debug|Any CPU.Build.0 = Debug|Any CPU
		{D3AAF07B-A899-4AC4-9FAE-5F46B26B446B}.Debug|Mixed Platforms.ActiveCfg = Debug|Any CPU
		{D3AAF07B-A899-4AC4-9FAE-5F46B26B446B}.Debug|Mixed Platforms.Build.0 = Debug|Any CPU
		{D3AAF07B-A899-4AC4-9FAE-5F46B26B446B}.Debug|x64.ActiveCfg = Debug|Any CPU
		{D3AAF07B-A899-4AC4-9FAE-5F46B26B446B}.Debug|x64.Build.0 = Debug|Any CPU
		{D3AAF07B-A899-4AC4-9FAE-5F46B26B446B}.Debug|x86.ActiveCfg = Debug|Any CPU
		{D3AAF07B-A899-4AC4-9FAE-5F46B26B446B}.Debug|x86.Build.0 = Debug|Any CPU
		{D3AAF07B-A899-4AC4-9FAE-5F46B26B446B}.Release|Any CPU.ActiveCfg = Release|Any CPU
		{D3AAF07B-A899-4AC4-9FAE-5F46B26B446B}.Release|Any CPU.Build.0 = Release|Any CPU
		{D3AAF07B-A899-4AC4-9FAE-5F46B26B446B}.Release|Mixed Platforms.ActiveCfg = Release|Any CPU
		{D3AAF07B-A899-4AC4-9FAE-5F46B26B446B}.Release|Mixed Platforms.Build.0 = Release|Any CPU
		{D3AAF07B-A899-4AC4-9FAE-5F46B26B446B}.Release|x64.ActiveCfg = Release|Any CPU
		{D3AAF07B-A899-4AC4-9FAE-5F46B26B446B}.Release|x64.Build.0 = Release|Any CPU
		{D3AAF07B-A899-4AC4-9FAE-5F46B26B446B}.Release|x86.ActiveCfg = Release|Any CPU
		{D3AAF07B-A899-4AC4-9FAE-5F46B26B446B}.Release|x86.Build.0 = Release|Any CPU
		{C6C7E02E-2B24-4050-B080-79C65F95075F}.Debug|Any CPU.ActiveCfg = Debug|Any CPU
		{C6C7E02E-2B24-4050-B080-79C65F95075F}.Debug|Any CPU.Build.0 = Debug|Any CPU
		{C6C7E02E-2B24-4050-B080-79C65F95075F}.Debug|Mixed Platforms.ActiveCfg = Debug|Any CPU
		{C6C7E02E-2B24-4050-B080-79C65F95075F}.Debug|Mixed Platforms.Build.0 = Debug|Any CPU
		{C6C7E02E-2B24-4050-B080-79C65F95075F}.Debug|x64.ActiveCfg = Debug|Any CPU
		{C6C7E02E-2B24-4050-B080-79C65F95075F}.Debug|x64.Build.0 = Debug|Any CPU
		{C6C7E02E-2B24-4050-B080-79C65F95075F}.Debug|x86.ActiveCfg = Debug|Any CPU
		{C6C7E02E-2B24-4050-B080-79C65F95075F}.Debug|x86.Build.0 = Debug|Any CPU
		{C6C7E02E-2B24-4050-B080-79C65F95075F}.Release|Any CPU.ActiveCfg = Release|Any CPU
		{C6C7E02E-2B24-4050-B080-79C65F95075F}.Release|Any CPU.Build.0 = Release|Any CPU
		{C6C7E02E-2B24-4050-B080-79C65F95075F}.Release|Mixed Platforms.ActiveCfg = Release|Any CPU
		{C6C7E02E-2B24-4050-B080-79C65F95075F}.Release|Mixed Platforms.Build.0 = Release|Any CPU
		{C6C7E02E-2B24-4050-B080-79C65F95075F}.Release|x64.ActiveCfg = Release|Any CPU
		{C6C7E02E-2B24-4050-B080-79C65F95075F}.Release|x64.Build.0 = Release|Any CPU
		{C6C7E02E-2B24-4050-B080-79C65F95075F}.Release|x86.ActiveCfg = Release|Any CPU
		{C6C7E02E-2B24-4050-B080-79C65F95075F}.Release|x86.Build.0 = Release|Any CPU
		{804042E0-B956-45F7-BF6E-073A5F137BF8}.Debug|Any CPU.ActiveCfg = Debug|Any CPU
		{804042E0-B956-45F7-BF6E-073A5F137BF8}.Debug|Any CPU.Build.0 = Debug|Any CPU
		{804042E0-B956-45F7-BF6E-073A5F137BF8}.Debug|Mixed Platforms.ActiveCfg = Debug|Any CPU
		{804042E0-B956-45F7-BF6E-073A5F137BF8}.Debug|Mixed Platforms.Build.0 = Debug|Any CPU
		{804042E0-B956-45F7-BF6E-073A5F137BF8}.Debug|x64.ActiveCfg = Debug|Any CPU
		{804042E0-B956-45F7-BF6E-073A5F137BF8}.Debug|x64.Build.0 = Debug|Any CPU
		{804042E0-B956-45F7-BF6E-073A5F137BF8}.Debug|x86.ActiveCfg = Debug|Any CPU
		{804042E0-B956-45F7-BF6E-073A5F137BF8}.Debug|x86.Build.0 = Debug|Any CPU
		{804042E0-B956-45F7-BF6E-073A5F137BF8}.Release|Any CPU.ActiveCfg = Release|Any CPU
		{804042E0-B956-45F7-BF6E-073A5F137BF8}.Release|Any CPU.Build.0 = Release|Any CPU
		{804042E0-B956-45F7-BF6E-073A5F137BF8}.Release|Mixed Platforms.ActiveCfg = Release|Any CPU
		{804042E0-B956-45F7-BF6E-073A5F137BF8}.Release|Mixed Platforms.Build.0 = Release|Any CPU
		{804042E0-B956-45F7-BF6E-073A5F137BF8}.Release|x64.ActiveCfg = Release|Any CPU
		{804042E0-B956-45F7-BF6E-073A5F137BF8}.Release|x64.Build.0 = Release|Any CPU
		{804042E0-B956-45F7-BF6E-073A5F137BF8}.Release|x86.ActiveCfg = Release|Any CPU
		{804042E0-B956-45F7-BF6E-073A5F137BF8}.Release|x86.Build.0 = Release|Any CPU
		{3151A417-C847-40C4-8038-A0CD3161B02E}.Debug|Any CPU.ActiveCfg = Debug|Any CPU
		{3151A417-C847-40C4-8038-A0CD3161B02E}.Debug|Any CPU.Build.0 = Debug|Any CPU
		{3151A417-C847-40C4-8038-A0CD3161B02E}.Debug|Mixed Platforms.ActiveCfg = Debug|Any CPU
		{3151A417-C847-40C4-8038-A0CD3161B02E}.Debug|Mixed Platforms.Build.0 = Debug|Any CPU
		{3151A417-C847-40C4-8038-A0CD3161B02E}.Debug|x64.ActiveCfg = Debug|Any CPU
		{3151A417-C847-40C4-8038-A0CD3161B02E}.Debug|x64.Build.0 = Debug|Any CPU
		{3151A417-C847-40C4-8038-A0CD3161B02E}.Debug|x86.ActiveCfg = Debug|Any CPU
		{3151A417-C847-40C4-8038-A0CD3161B02E}.Debug|x86.Build.0 = Debug|Any CPU
		{3151A417-C847-40C4-8038-A0CD3161B02E}.Release|Any CPU.ActiveCfg = Release|Any CPU
		{3151A417-C847-40C4-8038-A0CD3161B02E}.Release|Any CPU.Build.0 = Release|Any CPU
		{3151A417-C847-40C4-8038-A0CD3161B02E}.Release|Mixed Platforms.ActiveCfg = Release|Any CPU
		{3151A417-C847-40C4-8038-A0CD3161B02E}.Release|Mixed Platforms.Build.0 = Release|Any CPU
		{3151A417-C847-40C4-8038-A0CD3161B02E}.Release|x64.ActiveCfg = Release|Any CPU
		{3151A417-C847-40C4-8038-A0CD3161B02E}.Release|x64.Build.0 = Release|Any CPU
		{3151A417-C847-40C4-8038-A0CD3161B02E}.Release|x86.ActiveCfg = Release|Any CPU
		{3151A417-C847-40C4-8038-A0CD3161B02E}.Release|x86.Build.0 = Release|Any CPU
		{EC5E2C29-D4D4-4640-8181-660A83C01E3E}.Debug|Any CPU.ActiveCfg = Debug|Any CPU
		{EC5E2C29-D4D4-4640-8181-660A83C01E3E}.Debug|Any CPU.Build.0 = Debug|Any CPU
		{EC5E2C29-D4D4-4640-8181-660A83C01E3E}.Debug|Mixed Platforms.ActiveCfg = Debug|Any CPU
		{EC5E2C29-D4D4-4640-8181-660A83C01E3E}.Debug|Mixed Platforms.Build.0 = Debug|Any CPU
		{EC5E2C29-D4D4-4640-8181-660A83C01E3E}.Debug|x64.ActiveCfg = Debug|Any CPU
		{EC5E2C29-D4D4-4640-8181-660A83C01E3E}.Debug|x64.Build.0 = Debug|Any CPU
		{EC5E2C29-D4D4-4640-8181-660A83C01E3E}.Debug|x86.ActiveCfg = Debug|Any CPU
		{EC5E2C29-D4D4-4640-8181-660A83C01E3E}.Debug|x86.Build.0 = Debug|Any CPU
		{EC5E2C29-D4D4-4640-8181-660A83C01E3E}.Release|Any CPU.ActiveCfg = Release|Any CPU
		{EC5E2C29-D4D4-4640-8181-660A83C01E3E}.Release|Any CPU.Build.0 = Release|Any CPU
		{EC5E2C29-D4D4-4640-8181-660A83C01E3E}.Release|Mixed Platforms.ActiveCfg = Release|Any CPU
		{EC5E2C29-D4D4-4640-8181-660A83C01E3E}.Release|Mixed Platforms.Build.0 = Release|Any CPU
		{EC5E2C29-D4D4-4640-8181-660A83C01E3E}.Release|x64.ActiveCfg = Release|Any CPU
		{EC5E2C29-D4D4-4640-8181-660A83C01E3E}.Release|x64.Build.0 = Release|Any CPU
		{EC5E2C29-D4D4-4640-8181-660A83C01E3E}.Release|x86.ActiveCfg = Release|Any CPU
		{EC5E2C29-D4D4-4640-8181-660A83C01E3E}.Release|x86.Build.0 = Release|Any CPU
		{F124E4DA-EAC3-422A-BDBC-EB5CC72FE2FA}.Debug|Any CPU.ActiveCfg = Debug|Any CPU
		{F124E4DA-EAC3-422A-BDBC-EB5CC72FE2FA}.Debug|Any CPU.Build.0 = Debug|Any CPU
		{F124E4DA-EAC3-422A-BDBC-EB5CC72FE2FA}.Debug|Mixed Platforms.ActiveCfg = Debug|Any CPU
		{F124E4DA-EAC3-422A-BDBC-EB5CC72FE2FA}.Debug|Mixed Platforms.Build.0 = Debug|Any CPU
		{F124E4DA-EAC3-422A-BDBC-EB5CC72FE2FA}.Debug|x64.ActiveCfg = Debug|Any CPU
		{F124E4DA-EAC3-422A-BDBC-EB5CC72FE2FA}.Debug|x64.Build.0 = Debug|Any CPU
		{F124E4DA-EAC3-422A-BDBC-EB5CC72FE2FA}.Debug|x86.ActiveCfg = Debug|Any CPU
		{F124E4DA-EAC3-422A-BDBC-EB5CC72FE2FA}.Debug|x86.Build.0 = Debug|Any CPU
		{F124E4DA-EAC3-422A-BDBC-EB5CC72FE2FA}.Release|Any CPU.ActiveCfg = Release|Any CPU
		{F124E4DA-EAC3-422A-BDBC-EB5CC72FE2FA}.Release|Any CPU.Build.0 = Release|Any CPU
		{F124E4DA-EAC3-422A-BDBC-EB5CC72FE2FA}.Release|Mixed Platforms.ActiveCfg = Release|Any CPU
		{F124E4DA-EAC3-422A-BDBC-EB5CC72FE2FA}.Release|Mixed Platforms.Build.0 = Release|Any CPU
		{F124E4DA-EAC3-422A-BDBC-EB5CC72FE2FA}.Release|x64.ActiveCfg = Release|Any CPU
		{F124E4DA-EAC3-422A-BDBC-EB5CC72FE2FA}.Release|x64.Build.0 = Release|Any CPU
		{F124E4DA-EAC3-422A-BDBC-EB5CC72FE2FA}.Release|x86.ActiveCfg = Release|Any CPU
		{F124E4DA-EAC3-422A-BDBC-EB5CC72FE2FA}.Release|x86.Build.0 = Release|Any CPU
		{A529B6D2-95B2-4F04-89BF-B6C61D15313E}.Debug|Any CPU.ActiveCfg = Debug|Any CPU
		{A529B6D2-95B2-4F04-89BF-B6C61D15313E}.Debug|Any CPU.Build.0 = Debug|Any CPU
		{A529B6D2-95B2-4F04-89BF-B6C61D15313E}.Debug|Mixed Platforms.ActiveCfg = Debug|Any CPU
		{A529B6D2-95B2-4F04-89BF-B6C61D15313E}.Debug|Mixed Platforms.Build.0 = Debug|Any CPU
		{A529B6D2-95B2-4F04-89BF-B6C61D15313E}.Debug|x64.ActiveCfg = Debug|Any CPU
		{A529B6D2-95B2-4F04-89BF-B6C61D15313E}.Debug|x64.Build.0 = Debug|Any CPU
		{A529B6D2-95B2-4F04-89BF-B6C61D15313E}.Debug|x86.ActiveCfg = Debug|Any CPU
		{A529B6D2-95B2-4F04-89BF-B6C61D15313E}.Debug|x86.Build.0 = Debug|Any CPU
		{A529B6D2-95B2-4F04-89BF-B6C61D15313E}.Release|Any CPU.ActiveCfg = Release|Any CPU
		{A529B6D2-95B2-4F04-89BF-B6C61D15313E}.Release|Any CPU.Build.0 = Release|Any CPU
		{A529B6D2-95B2-4F04-89BF-B6C61D15313E}.Release|Mixed Platforms.ActiveCfg = Release|Any CPU
		{A529B6D2-95B2-4F04-89BF-B6C61D15313E}.Release|Mixed Platforms.Build.0 = Release|Any CPU
		{A529B6D2-95B2-4F04-89BF-B6C61D15313E}.Release|x64.ActiveCfg = Release|Any CPU
		{A529B6D2-95B2-4F04-89BF-B6C61D15313E}.Release|x64.Build.0 = Release|Any CPU
		{A529B6D2-95B2-4F04-89BF-B6C61D15313E}.Release|x86.ActiveCfg = Release|Any CPU
		{A529B6D2-95B2-4F04-89BF-B6C61D15313E}.Release|x86.Build.0 = Release|Any CPU
		{43F6B447-40B7-4550-A881-C7E6DB3A79BF}.Debug|Any CPU.ActiveCfg = Debug|Any CPU
		{43F6B447-40B7-4550-A881-C7E6DB3A79BF}.Debug|Any CPU.Build.0 = Debug|Any CPU
		{43F6B447-40B7-4550-A881-C7E6DB3A79BF}.Debug|Mixed Platforms.ActiveCfg = Debug|Any CPU
		{43F6B447-40B7-4550-A881-C7E6DB3A79BF}.Debug|Mixed Platforms.Build.0 = Debug|Any CPU
		{43F6B447-40B7-4550-A881-C7E6DB3A79BF}.Debug|x64.ActiveCfg = Debug|Any CPU
		{43F6B447-40B7-4550-A881-C7E6DB3A79BF}.Debug|x64.Build.0 = Debug|Any CPU
		{43F6B447-40B7-4550-A881-C7E6DB3A79BF}.Debug|x86.ActiveCfg = Debug|Any CPU
		{43F6B447-40B7-4550-A881-C7E6DB3A79BF}.Debug|x86.Build.0 = Debug|Any CPU
		{43F6B447-40B7-4550-A881-C7E6DB3A79BF}.Release|Any CPU.ActiveCfg = Release|Any CPU
		{43F6B447-40B7-4550-A881-C7E6DB3A79BF}.Release|Any CPU.Build.0 = Release|Any CPU
		{43F6B447-40B7-4550-A881-C7E6DB3A79BF}.Release|Mixed Platforms.ActiveCfg = Release|Any CPU
		{43F6B447-40B7-4550-A881-C7E6DB3A79BF}.Release|Mixed Platforms.Build.0 = Release|Any CPU
		{43F6B447-40B7-4550-A881-C7E6DB3A79BF}.Release|x64.ActiveCfg = Release|Any CPU
		{43F6B447-40B7-4550-A881-C7E6DB3A79BF}.Release|x64.Build.0 = Release|Any CPU
		{43F6B447-40B7-4550-A881-C7E6DB3A79BF}.Release|x86.ActiveCfg = Release|Any CPU
		{43F6B447-40B7-4550-A881-C7E6DB3A79BF}.Release|x86.Build.0 = Release|Any CPU
		{CDB7970D-2D18-434B-95F1-8D7F8AEF75A7}.Debug|Any CPU.ActiveCfg = Debug|Any CPU
		{CDB7970D-2D18-434B-95F1-8D7F8AEF75A7}.Debug|Any CPU.Build.0 = Debug|Any CPU
		{CDB7970D-2D18-434B-95F1-8D7F8AEF75A7}.Debug|Mixed Platforms.ActiveCfg = Debug|Any CPU
		{CDB7970D-2D18-434B-95F1-8D7F8AEF75A7}.Debug|Mixed Platforms.Build.0 = Debug|Any CPU
		{CDB7970D-2D18-434B-95F1-8D7F8AEF75A7}.Debug|x64.ActiveCfg = Debug|Any CPU
		{CDB7970D-2D18-434B-95F1-8D7F8AEF75A7}.Debug|x64.Build.0 = Debug|Any CPU
		{CDB7970D-2D18-434B-95F1-8D7F8AEF75A7}.Debug|x86.ActiveCfg = Debug|Any CPU
		{CDB7970D-2D18-434B-95F1-8D7F8AEF75A7}.Debug|x86.Build.0 = Debug|Any CPU
		{CDB7970D-2D18-434B-95F1-8D7F8AEF75A7}.Release|Any CPU.ActiveCfg = Release|Any CPU
		{CDB7970D-2D18-434B-95F1-8D7F8AEF75A7}.Release|Any CPU.Build.0 = Release|Any CPU
		{CDB7970D-2D18-434B-95F1-8D7F8AEF75A7}.Release|Mixed Platforms.ActiveCfg = Release|Any CPU
		{CDB7970D-2D18-434B-95F1-8D7F8AEF75A7}.Release|Mixed Platforms.Build.0 = Release|Any CPU
		{CDB7970D-2D18-434B-95F1-8D7F8AEF75A7}.Release|x64.ActiveCfg = Release|Any CPU
		{CDB7970D-2D18-434B-95F1-8D7F8AEF75A7}.Release|x64.Build.0 = Release|Any CPU
		{CDB7970D-2D18-434B-95F1-8D7F8AEF75A7}.Release|x86.ActiveCfg = Release|Any CPU
		{CDB7970D-2D18-434B-95F1-8D7F8AEF75A7}.Release|x86.Build.0 = Release|Any CPU
		{909EEB4A-3BB3-4031-94D8-53B9F99EC342}.Debug|Any CPU.ActiveCfg = Debug|Any CPU
		{909EEB4A-3BB3-4031-94D8-53B9F99EC342}.Debug|Any CPU.Build.0 = Debug|Any CPU
		{909EEB4A-3BB3-4031-94D8-53B9F99EC342}.Debug|Mixed Platforms.ActiveCfg = Debug|Any CPU
		{909EEB4A-3BB3-4031-94D8-53B9F99EC342}.Debug|Mixed Platforms.Build.0 = Debug|Any CPU
		{909EEB4A-3BB3-4031-94D8-53B9F99EC342}.Debug|x64.ActiveCfg = Debug|Any CPU
		{909EEB4A-3BB3-4031-94D8-53B9F99EC342}.Debug|x64.Build.0 = Debug|Any CPU
		{909EEB4A-3BB3-4031-94D8-53B9F99EC342}.Debug|x86.ActiveCfg = Debug|Any CPU
		{909EEB4A-3BB3-4031-94D8-53B9F99EC342}.Debug|x86.Build.0 = Debug|Any CPU
		{909EEB4A-3BB3-4031-94D8-53B9F99EC342}.Release|Any CPU.ActiveCfg = Release|Any CPU
		{909EEB4A-3BB3-4031-94D8-53B9F99EC342}.Release|Any CPU.Build.0 = Release|Any CPU
		{909EEB4A-3BB3-4031-94D8-53B9F99EC342}.Release|Mixed Platforms.ActiveCfg = Release|Any CPU
		{909EEB4A-3BB3-4031-94D8-53B9F99EC342}.Release|Mixed Platforms.Build.0 = Release|Any CPU
		{909EEB4A-3BB3-4031-94D8-53B9F99EC342}.Release|x64.ActiveCfg = Release|Any CPU
		{909EEB4A-3BB3-4031-94D8-53B9F99EC342}.Release|x64.Build.0 = Release|Any CPU
		{909EEB4A-3BB3-4031-94D8-53B9F99EC342}.Release|x86.ActiveCfg = Release|Any CPU
		{909EEB4A-3BB3-4031-94D8-53B9F99EC342}.Release|x86.Build.0 = Release|Any CPU
		{A89D9F5F-B4A0-453E-9A3F-4917A6D87BD8}.Debug|Any CPU.ActiveCfg = Debug|Any CPU
		{A89D9F5F-B4A0-453E-9A3F-4917A6D87BD8}.Debug|Any CPU.Build.0 = Debug|Any CPU
		{A89D9F5F-B4A0-453E-9A3F-4917A6D87BD8}.Debug|Mixed Platforms.ActiveCfg = Debug|Any CPU
		{A89D9F5F-B4A0-453E-9A3F-4917A6D87BD8}.Debug|Mixed Platforms.Build.0 = Debug|Any CPU
		{A89D9F5F-B4A0-453E-9A3F-4917A6D87BD8}.Debug|x64.ActiveCfg = Debug|Any CPU
		{A89D9F5F-B4A0-453E-9A3F-4917A6D87BD8}.Debug|x64.Build.0 = Debug|Any CPU
		{A89D9F5F-B4A0-453E-9A3F-4917A6D87BD8}.Debug|x86.ActiveCfg = Debug|Any CPU
		{A89D9F5F-B4A0-453E-9A3F-4917A6D87BD8}.Debug|x86.Build.0 = Debug|Any CPU
		{A89D9F5F-B4A0-453E-9A3F-4917A6D87BD8}.Release|Any CPU.ActiveCfg = Release|Any CPU
		{A89D9F5F-B4A0-453E-9A3F-4917A6D87BD8}.Release|Any CPU.Build.0 = Release|Any CPU
		{A89D9F5F-B4A0-453E-9A3F-4917A6D87BD8}.Release|Mixed Platforms.ActiveCfg = Release|Any CPU
		{A89D9F5F-B4A0-453E-9A3F-4917A6D87BD8}.Release|Mixed Platforms.Build.0 = Release|Any CPU
		{A89D9F5F-B4A0-453E-9A3F-4917A6D87BD8}.Release|x64.ActiveCfg = Release|Any CPU
		{A89D9F5F-B4A0-453E-9A3F-4917A6D87BD8}.Release|x64.Build.0 = Release|Any CPU
		{A89D9F5F-B4A0-453E-9A3F-4917A6D87BD8}.Release|x86.ActiveCfg = Release|Any CPU
		{A89D9F5F-B4A0-453E-9A3F-4917A6D87BD8}.Release|x86.Build.0 = Release|Any CPU
	EndGlobalSection
	GlobalSection(SolutionProperties) = preSolution
		HideSolutionNode = FALSE
	EndGlobalSection
	GlobalSection(NestedProjects) = preSolution
		{5EE3D1ED-BA1E-4ADE-80EB-250DCC2C3DF1} = {41A914E8-1ECD-4C5F-A1B3-9AD7642F6EA6}
		{5F2A9956-FF36-41CC-A199-A3A687CC231B} = {41A914E8-1ECD-4C5F-A1B3-9AD7642F6EA6}
		{D3AAF07B-A899-4AC4-9FAE-5F46B26B446B} = {9BBFE4D8-5143-45CE-9E49-84814106F16A}
		{C6C7E02E-2B24-4050-B080-79C65F95075F} = {9BBFE4D8-5143-45CE-9E49-84814106F16A}
		{804042E0-B956-45F7-BF6E-073A5F137BF8} = {41A914E8-1ECD-4C5F-A1B3-9AD7642F6EA6}
		{EC5E2C29-D4D4-4640-8181-660A83C01E3E} = {41A914E8-1ECD-4C5F-A1B3-9AD7642F6EA6}
		{F124E4DA-EAC3-422A-BDBC-EB5CC72FE2FA} = {41A914E8-1ECD-4C5F-A1B3-9AD7642F6EA6}
		{43F6B447-40B7-4550-A881-C7E6DB3A79BF} = {41A914E8-1ECD-4C5F-A1B3-9AD7642F6EA6}
		{CDB7970D-2D18-434B-95F1-8D7F8AEF75A7} = {41A914E8-1ECD-4C5F-A1B3-9AD7642F6EA6}
		{909EEB4A-3BB3-4031-94D8-53B9F99EC342} = {41A914E8-1ECD-4C5F-A1B3-9AD7642F6EA6}
		{A89D9F5F-B4A0-453E-9A3F-4917A6D87BD8} = {41A914E8-1ECD-4C5F-A1B3-9AD7642F6EA6}
	EndGlobalSection
	GlobalSection(ExtensibilityGlobals) = postSolution
		SolutionGuid = {D07C0B78-D60D-4FCE-A8BA-7D5713A9C6E7}
	EndGlobalSection
EndGlobal

