
Microsoft Visual Studio Solution File, Format Version 12.00
# Visual Studio Version 16
VisualStudioVersion = 16.0.32126.315
MinimumVisualStudioVersion = 10.0.40219.1
Project("{FAE04EC0-301F-11D3-BF4B-00C04F79EFBC}") = "KDU_DPP", "KDU_DPP\KDU_DPP.csproj", "{94349777-B67E-4C60-B1E8-69EECE6A7805}"
EndProject
Global
	GlobalSection(SolutionConfigurationPlatforms) = preSolution
		Debug|Any CPU = Debug|Any CPU
		Release|Any CPU = Release|Any CPU
	EndGlobalSection
	GlobalSection(ProjectConfigurationPlatforms) = postSolution
		{94349777-B67E-4C60-B1E8-69EECE6A7805}.Debug|Any CPU.ActiveCfg = Debug|Any CPU
		{94349777-B67E-4C60-B1E8-69EECE6A7805}.Debug|Any CPU.Build.0 = Debug|Any CPU
		{94349777-B67E-4C60-B1E8-69EECE6A7805}.Release|Any CPU.ActiveCfg = Release|Any CPU
		{94349777-B67E-4C60-B1E8-69EECE6A7805}.Release|Any CPU.Build.0 = Release|Any CPU
	EndGlobalSection
	GlobalSection(SolutionProperties) = preSolution
		HideSolutionNode = FALSE
	EndGlobalSection
	GlobalSection(ExtensibilityGlobals) = postSolution
		SolutionGuid = {13318C24-D4F0-49E4-A0D6-1F6074F3E761}
	EndGlobalSection
EndGlobal
