
Microsoft Visual Studio Solution File, Format Version 12.00
# Visual Studio Version 17
VisualStudioVersion = 17.1.32210.238
MinimumVisualStudioVersion = 10.0.40219.1
Project("{FAE04EC0-301F-11D3-BF4B-00C04F79EFBC}") = "INFOR_TEST", "INFOR_TEST\INFOR_TEST.csproj", "{78B337E0-E9F5-496A-9AA7-531D83F133CF}"
EndProject
Global
	GlobalSection(SolutionConfigurationPlatforms) = preSolution
		Debug|Any CPU = Debug|Any CPU
		Release|Any CPU = Release|Any CPU
	EndGlobalSection
	GlobalSection(ProjectConfigurationPlatforms) = postSolution
		{78B337E0-E9F5-496A-9AA7-531D83F133CF}.Debug|Any CPU.ActiveCfg = Debug|Any CPU
		{78B337E0-E9F5-496A-9AA7-531D83F133CF}.Debug|Any CPU.Build.0 = Debug|Any CPU
		{78B337E0-E9F5-496A-9AA7-531D83F133CF}.Release|Any CPU.ActiveCfg = Release|Any CPU
		{78B337E0-E9F5-496A-9AA7-531D83F133CF}.Release|Any CPU.Build.0 = Release|Any CPU
	EndGlobalSection
	GlobalSection(SolutionProperties) = preSolution
		HideSolutionNode = FALSE
	EndGlobalSection
	GlobalSection(ExtensibilityGlobals) = postSolution
		SolutionGuid = {532C0564-EB3B-4F82-9913-9C359B1ABFF5}
	EndGlobalSection
EndGlobal
